<?xml version="1.0" encoding="utf-8"?>
<Project ToolsVersion="4.0" xmlns="http://schemas.microsoft.com/developer/msbuild/2003">
  <ItemGroup>
    <Filter Include="src">
      <UniqueIdentifier>{ff217f19-1ae3-4c94-825c-fd2cd0dc43e9}</UniqueIdentifier>
    </Filter>
    <Filter Include="src\common">
      <UniqueIdentifier>{58a89719-e6e6-4ce7-be2f-29d6cac64f0f}</UniqueIdentifier>
    </Filter>
  </ItemGroup>
  <ItemGroup>
    <ClCompile Include="main.cpp">
      <Filter>src</Filter>
    </ClCompile>
    <ClCompile Include="..\common\application_base.cpp">
      <Filter>src\common</Filter>
    </ClCompile>
    <ClCompile Include="..\common\application_util.cpp">
      <Filter>src\common</Filter>
    </ClCompile>
    <ClCompile Include="..\common\application_window.cpp">
      <Filter>src\common</Filter>
    </ClCompile>
    <ClCompile Include="..\common\game_camera.cpp">
      <Filter>src\common</Filter>
    </ClCompile>
    <ClCompile Include="wowMap.cpp">
      <Filter>src</Filter>
    </ClCompile>
  </ItemGroup>
  <ItemGroup>
    <ClInclude Include="..\common\application_base.h">
      <Filter>src\common</Filter>
    </ClInclude>
    <ClInclude Include="..\common\application_util.h">
      <Filter>src\common</Filter>
    </ClInclude>
    <ClInclude Include="..\common\application_window.h">
      <Filter>src\common</Filter>
    </ClInclude>
    <ClInclude Include="..\common\game_camera.h">
      <Filter>src\common</Filter>
    </ClInclude>
    <ClInclude Include="wowMap.h">
      <Filter>src</Filter>
    </ClInclude>
  </ItemGroup>
</Project>