<?xml version="1.0" encoding="utf-8"?>
<Project ToolsVersion="4.0" xmlns="http://schemas.microsoft.com/developer/msbuild/2003">
  <ItemGroup>
    <Filter Include="Archive">
      <UniqueIdentifier>{16b1752d-5611-4493-af31-0e91acb8357b}</UniqueIdentifier>
    </Filter>
    <Filter Include="data">
      <UniqueIdentifier>{93c8f37f-dca0-4453-ac86-9c8bb03db524}</UniqueIdentifier>
    </Filter>
    <Filter Include="db">
      <UniqueIdentifier>{e40ed37d-2630-4bac-b696-5c10e296f92b}</UniqueIdentifier>
    </Filter>
    <Filter Include="gameobject">
      <UniqueIdentifier>{3f1bf0de-1da5-4769-9b69-c02a030f1ec5}</UniqueIdentifier>
    </Filter>
    <Filter Include="horse">
      <UniqueIdentifier>{378a3bee-2acd-4b0c-9a77-b5a4d7f3b6d8}</UniqueIdentifier>
    </Filter>
    <Filter Include="item">
      <UniqueIdentifier>{0cf69762-f562-43d2-aff9-93f925de989b}</UniqueIdentifier>
    </Filter>
    <Filter Include="map">
      <UniqueIdentifier>{9474a65c-ef3b-4ae0-b024-7a7555e27714}</UniqueIdentifier>
    </Filter>
    <Filter Include="quest">
      <UniqueIdentifier>{3680feed-904f-4836-b0fd-91b58de7d6e5}</UniqueIdentifier>
    </Filter>
    <Filter Include="script">
      <UniqueIdentifier>{d784d114-afbb-4224-9c02-624cbe551445}</UniqueIdentifier>
    </Filter>
    <Filter Include="shop">
      <UniqueIdentifier>{132a14d1-25d6-4a15-90fd-fe4329eaaf22}</UniqueIdentifier>
    </Filter>
    <Filter Include="skill">
      <UniqueIdentifier>{b780a76c-693f-4877-933e-f7cd21c84253}</UniqueIdentifier>
    </Filter>
    <Filter Include="dummy">
      <UniqueIdentifier>{5fed2b50-4144-448a-b74f-df1cce5b571d}</UniqueIdentifier>
    </Filter>
    <Filter Include="share">
      <UniqueIdentifier>{1b034a68-f9a4-4df5-bc01-b180f040e809}</UniqueIdentifier>
    </Filter>
    <Filter Include="share\tab">
      <UniqueIdentifier>{3ff0bfe9-321e-4e37-b54b-b8fbb7741ad5}</UniqueIdentifier>
    </Filter>
  </ItemGroup>
  <ItemGroup>
    <ClCompile Include="Archive\PlayerDB.cpp">
      <Filter>Archive</Filter>
    </ClCompile>
    <ClCompile Include="data\data_define.cpp">
      <Filter>data</Filter>
    </ClCompile>
    <ClCompile Include="data\data_manager.cpp">
      <Filter>data</Filter>
    </ClCompile>
    <ClCompile Include="db\db_manager.cpp">
      <Filter>db</Filter>
    </ClCompile>
    <ClCompile Include="db\db_task.cpp">
      <Filter>db</Filter>
    </ClCompile>
    <ClCompile Include="db\mysql_db.cpp">
      <Filter>db</Filter>
    </ClCompile>
    <ClCompile Include="gameobject\AbilityState.cpp">
      <Filter>gameobject</Filter>
    </ClCompile>
    <ClCompile Include="gameobject\Beastie.cpp">
      <Filter>gameobject</Filter>
    </ClCompile>
    <ClCompile Include="gameobject\Behavior_Beastie.cpp">
      <Filter>gameobject</Filter>
    </ClCompile>
    <ClCompile Include="gameobject\Behavior_Character.cpp">
      <Filter>gameobject</Filter>
    </ClCompile>
    <ClCompile Include="gameobject\Behavior_Helper.cpp">
      <Filter>gameobject</Filter>
    </ClCompile>
    <ClCompile Include="gameobject\Behavior_Monster.cpp">
      <Filter>gameobject</Filter>
    </ClCompile>
    <ClCompile Include="gameobject\Behavior_Player.cpp">
      <Filter>gameobject</Filter>
    </ClCompile>
    <ClCompile Include="gameobject\Behavior_ScriptFunction.cpp">
      <Filter>gameobject</Filter>
    </ClCompile>
    <ClCompile Include="gameobject\Behavior_State.cpp">
      <Filter>gameobject</Filter>
    </ClCompile>
    <ClCompile Include="gameobject\Behavior_Template.cpp">
      <Filter>gameobject</Filter>
    </ClCompile>
    <ClCompile Include="gameobject\Character.cpp">
      <Filter>gameobject</Filter>
    </ClCompile>
    <ClCompile Include="gameobject\CharacterState.cpp">
      <Filter>gameobject</Filter>
    </ClCompile>
    <ClCompile Include="gameobject\CharacterStateMachine.cpp">
      <Filter>gameobject</Filter>
    </ClCompile>
    <ClCompile Include="gameobject\CharacterStateMachineBuilder.cpp">
      <Filter>gameobject</Filter>
    </ClCompile>
    <ClCompile Include="gameobject\CharacterStateManager.cpp">
      <Filter>gameobject</Filter>
    </ClCompile>
    <ClCompile Include="gameobject\CharacterVisitor.cpp">
      <Filter>gameobject</Filter>
    </ClCompile>
    <ClCompile Include="gameobject\CharActionCallBack.cpp">
      <Filter>gameobject</Filter>
    </ClCompile>
    <ClCompile Include="gameobject\CharActionDelegator.cpp">
      <Filter>gameobject</Filter>
    </ClCompile>
    <ClCompile Include="gameobject\CharActionLogic.cpp">
      <Filter>gameobject</Filter>
    </ClCompile>
    <ClCompile Include="gameobject\Creature.cpp">
      <Filter>gameobject</Filter>
    </ClCompile>
    <ClCompile Include="gameobject\EventSystem.cpp">
      <Filter>gameobject</Filter>
    </ClCompile>
    <ClCompile Include="gameobject\IdleState.cpp">
      <Filter>gameobject</Filter>
    </ClCompile>
    <ClCompile Include="gameobject\InitBeastieVisitor.cpp">
      <Filter>gameobject</Filter>
    </ClCompile>
    <ClCompile Include="gameobject\InitMonsterVisitor.cpp">
      <Filter>gameobject</Filter>
    </ClCompile>
    <ClCompile Include="gameobject\Monster.cpp">
      <Filter>gameobject</Filter>
    </ClCompile>
    <ClCompile Include="gameobject\MonsterAttributes.cpp">
      <Filter>gameobject</Filter>
    </ClCompile>
    <ClCompile Include="gameobject\MoveState.cpp">
      <Filter>gameobject</Filter>
    </ClCompile>
    <ClCompile Include="gameobject\Object.cpp">
      <Filter>gameobject</Filter>
    </ClCompile>
    <ClCompile Include="gameobject\ObjectManager.cpp">
      <Filter>gameobject</Filter>
    </ClCompile>
    <ClCompile Include="gameobject\Player.cpp">
      <Filter>gameobject</Filter>
    </ClCompile>
    <ClCompile Include="gameobject\PlayerManager.cpp">
      <Filter>gameobject</Filter>
    </ClCompile>
    <ClCompile Include="gameobject\Profession_All.cpp">
      <Filter>gameobject</Filter>
    </ClCompile>
    <ClCompile Include="gameobject\Profession_Base.cpp">
      <Filter>gameobject</Filter>
    </ClCompile>
    <ClCompile Include="gameobject\SkillState.cpp">
      <Filter>gameobject</Filter>
    </ClCompile>
    <ClCompile Include="gameobject\Trap.cpp">
      <Filter>gameobject</Filter>
    </ClCompile>
    <ClCompile Include="gameobject\HumanSkillUpgrad.cpp">
      <Filter>gameobject</Filter>
    </ClCompile>
    <ClCompile Include="horse\Behavior_Horse.cpp">
      <Filter>horse</Filter>
    </ClCompile>
    <ClCompile Include="horse\CreateHorseCommand.cpp">
      <Filter>horse</Filter>
    </ClCompile>
    <ClCompile Include="horse\Horse.cpp">
      <Filter>horse</Filter>
    </ClCompile>
    <ClCompile Include="horse\HorseAttrCalculater.cpp">
      <Filter>horse</Filter>
    </ClCompile>
    <ClCompile Include="horse\HorseManager.cpp">
      <Filter>horse</Filter>
    </ClCompile>
    <ClCompile Include="horse\HorseManipulateCommand.cpp">
      <Filter>horse</Filter>
    </ClCompile>
    <ClCompile Include="horse\HorseStruct.cpp">
      <Filter>horse</Filter>
    </ClCompile>
    <ClCompile Include="item\Item_Base.cpp">
      <Filter>item</Filter>
    </ClCompile>
    <ClCompile Include="item\Item_Container.cpp">
      <Filter>item</Filter>
    </ClCompile>
    <ClCompile Include="item\Item_GrowPointManager.cpp">
      <Filter>item</Filter>
    </ClCompile>
    <ClCompile Include="item\Item_Helper.cpp">
      <Filter>item</Filter>
    </ClCompile>
    <ClCompile Include="item\Item_HorseContainer.cpp">
      <Filter>item</Filter>
    </ClCompile>
    <ClCompile Include="item\Item_Interface.cpp">
      <Filter>item</Filter>
    </ClCompile>
    <ClCompile Include="item\Item_Manager.cpp">
      <Filter>item</Filter>
    </ClCompile>
    <ClCompile Include="item\Item_PlayerBaseContainer.cpp">
      <Filter>item</Filter>
    </ClCompile>
    <ClCompile Include="item\Item_PlayerExtraBag.cpp">
      <Filter>item</Filter>
    </ClCompile>
    <ClCompile Include="item\Item_PlayerExtraBagContainer.cpp">
      <Filter>item</Filter>
    </ClCompile>
    <ClCompile Include="item\Item_Ruler.cpp">
      <Filter>item</Filter>
    </ClCompile>
    <ClCompile Include="item\ItemBox.cpp">
      <Filter>item</Filter>
    </ClCompile>
    <ClCompile Include="item\ItemBoxManager.cpp">
      <Filter>item</Filter>
    </ClCompile>
    <ClCompile Include="item\ItemInstance.cpp">
      <Filter>item</Filter>
    </ClCompile>
    <ClCompile Include="item\ItemInstanceManager.cpp">
      <Filter>item</Filter>
    </ClCompile>
    <ClCompile Include="map\BeastieManager.cpp">
      <Filter>map</Filter>
    </ClCompile>
    <ClCompile Include="map\game_map.cpp">
      <Filter>map</Filter>
    </ClCompile>
    <ClCompile Include="map\Grid.cpp">
      <Filter>map</Filter>
    </ClCompile>
    <ClCompile Include="map\map_info.cpp">
      <Filter>map</Filter>
    </ClCompile>
    <ClCompile Include="map\map_manager.cpp">
      <Filter>map</Filter>
    </ClCompile>
    <ClCompile Include="map\MapDropPosManager.cpp">
      <Filter>map</Filter>
    </ClCompile>
    <ClCompile Include="map\MapScanerOperators.cpp">
      <Filter>map</Filter>
    </ClCompile>
    <ClCompile Include="map\MonsterManager.cpp">
      <Filter>map</Filter>
    </ClCompile>
    <ClCompile Include="map\ObjectManager.cpp">
      <Filter>map</Filter>
    </ClCompile>
    <ClCompile Include="map\ObjectSingleManager.cpp">
      <Filter>map</Filter>
    </ClCompile>
    <ClCompile Include="map\RegionManager.cpp">
      <Filter>map</Filter>
    </ClCompile>
    <ClCompile Include="map\ScanerOperator.cpp">
      <Filter>map</Filter>
    </ClCompile>
    <ClCompile Include="map\server_map_path.cpp">
      <Filter>map</Filter>
    </ClCompile>
    <ClCompile Include="quest\quest_manager.cpp">
      <Filter>quest</Filter>
    </ClCompile>
    <ClCompile Include="script\LuaFunction.cpp">
      <Filter>script</Filter>
    </ClCompile>
    <ClCompile Include="script\LuaFunction_Ability.cpp">
      <Filter>script</Filter>
    </ClCompile>
    <ClCompile Include="script\LuaFunction_Attr.cpp">
      <Filter>script</Filter>
    </ClCompile>
    <ClCompile Include="script\LuaFunction_General.cpp">
      <Filter>script</Filter>
    </ClCompile>
    <ClCompile Include="script\LuaFunction_Horse.cpp">
      <Filter>script</Filter>
    </ClCompile>
    <ClCompile Include="script\LuaFunction_Quest.cpp">
      <Filter>script</Filter>
    </ClCompile>
    <ClCompile Include="script\LuaFunction_Skill.cpp">
      <Filter>script</Filter>
    </ClCompile>
    <ClCompile Include="script\LuaStack.cpp">
      <Filter>script</Filter>
    </ClCompile>
    <ClCompile Include="script\LuaSystem.cpp">
      <Filter>script</Filter>
    </ClCompile>
    <ClCompile Include="shop\ShopManager.cpp">
      <Filter>shop</Filter>
    </ClCompile>
    <ClCompile Include="skill\Skill_All.cpp">
      <Filter>skill</Filter>
    </ClCompile>
    <ClCompile Include="skill\Skill_Base.cpp">
      <Filter>skill</Filter>
    </ClCompile>
    <ClCompile Include="skill\Skill_Manager.cpp">
      <Filter>skill</Filter>
    </ClCompile>
    <ClCompile Include="skill\Spell_EffectInterface.cpp">
      <Filter>skill</Filter>
    </ClCompile>
    <ClCompile Include="skill\Spell_EffectLogic_All.cpp">
      <Filter>skill</Filter>
    </ClCompile>
    <ClCompile Include="skill\Spell_EffectLogic_Base.cpp">
      <Filter>skill</Filter>
    </ClCompile>
    <ClCompile Include="skill\Spell_EffectLogicManager.cpp">
      <Filter>skill</Filter>
    </ClCompile>
    <ClCompile Include="skill\Spell_Helper.cpp">
      <Filter>skill</Filter>
    </ClCompile>
    <ClCompile Include="skill\Spell_Interface.cpp">
      <Filter>skill</Filter>
    </ClCompile>
    <ClCompile Include="skill\Spell_Logic_Base.cpp">
      <Filter>skill</Filter>
    </ClCompile>
    <ClCompile Include="skill\Spell_Logic_EffectsToTarget.cpp">
      <Filter>skill</Filter>
    </ClCompile>
    <ClCompile Include="skill\Spell_Logic_Misc.cpp">
      <Filter>skill</Filter>
    </ClCompile>
    <ClCompile Include="skill\Spell_Logic_Profession.cpp">
      <Filter>skill</Filter>
    </ClCompile>
    <ClCompile Include="skill\Spell_TrapObjLogic.cpp">
      <Filter>skill</Filter>
    </ClCompile>
    <ClCompile Include="skill\Spell_TrapObjLogic_Trap.cpp">
      <Filter>skill</Filter>
    </ClCompile>
    <ClCompile Include="dummy\stdafx.cpp">
      <Filter>dummy</Filter>
    </ClCompile>
    <ClCompile Include="share\TAB\TabDefine_GL.cpp">
      <Filter>share\tab</Filter>
    </ClCompile>
    <ClCompile Include="share\TAB\TabDefine_Map.cpp">
      <Filter>share\tab</Filter>
    </ClCompile>
    <ClCompile Include="share\TAB\TabDefine_Map_Item.cpp">
      <Filter>share\tab</Filter>
    </ClCompile>
    <ClCompile Include="share\TAB\TabDefine_Map_Misc.cpp">
      <Filter>share\tab</Filter>
    </ClCompile>
    <ClCompile Include="share\TAB\TabDefine_Map_Monster.cpp">
      <Filter>share\tab</Filter>
    </ClCompile>
    <ClCompile Include="share\TAB\TabDefine_Map_Pet.cpp">
      <Filter>share\tab</Filter>
    </ClCompile>
    <ClCompile Include="share\TAB\TabDefine_Map_Quest.cpp">
      <Filter>share\tab</Filter>
    </ClCompile>
    <ClCompile Include="share\TAB\TabDefine_Map_Skill.cpp">
      <Filter>share\tab</Filter>
    </ClCompile>
    <ClCompile Include="share\TAB\TabDefine_Share.cpp">
      <Filter>share\tab</Filter>
    </ClCompile>
    <ClCompile Include="share\TAB\TabStruct.cpp">
      <Filter>share\tab</Filter>
    </ClCompile>
    <ClCompile Include="server_manager.cpp" />
    <ClCompile Include="server_settting.cpp" />
  </ItemGroup>
  <ItemGroup>
    <ClInclude Include="Archive\PlayerDB.h">
      <Filter>Archive</Filter>
    </ClInclude>
    <ClInclude Include="data\data_define.h">
      <Filter>data</Filter>
    </ClInclude>
    <ClInclude Include="data\data_manager.h">
      <Filter>data</Filter>
    </ClInclude>
    <ClInclude Include="db\db_manager.h">
      <Filter>db</Filter>
    </ClInclude>
    <ClInclude Include="db\db_task.h">
      <Filter>db</Filter>
    </ClInclude>
    <ClInclude Include="db\mysql_db.h">
      <Filter>db</Filter>
    </ClInclude>
    <ClInclude Include="gameobject\AbilityState.h">
      <Filter>gameobject</Filter>
    </ClInclude>
    <ClInclude Include="gameobject\Beastie.h">
      <Filter>gameobject</Filter>
    </ClInclude>
    <ClInclude Include="gameobject\Behavior_Beastie.h">
      <Filter>gameobject</Filter>
    </ClInclude>
    <ClInclude Include="gameobject\Behavior_Character.h">
      <Filter>gameobject</Filter>
    </ClInclude>
    <ClInclude Include="gameobject\Behavior_Const.h">
      <Filter>gameobject</Filter>
    </ClInclude>
    <ClInclude Include="gameobject\Behavior_Helper.h">
      <Filter>gameobject</Filter>
    </ClInclude>
    <ClInclude Include="gameobject\Behavior_Monster.h">
      <Filter>gameobject</Filter>
    </ClInclude>
    <ClInclude Include="gameobject\Behavior_Player.h">
      <Filter>gameobject</Filter>
    </ClInclude>
    <ClInclude Include="gameobject\Behavior_ScriptFunction.h">
      <Filter>gameobject</Filter>
    </ClInclude>
    <ClInclude Include="gameobject\Behavior_State.h">
      <Filter>gameobject</Filter>
    </ClInclude>
    <ClInclude Include="gameobject\Behavior_Template.h">
      <Filter>gameobject</Filter>
    </ClInclude>
    <ClInclude Include="gameobject\Character.h">
      <Filter>gameobject</Filter>
    </ClInclude>
    <ClInclude Include="gameobject\CharacterState.h">
      <Filter>gameobject</Filter>
    </ClInclude>
    <ClInclude Include="gameobject\CharacterStateDef.h">
      <Filter>gameobject</Filter>
    </ClInclude>
    <ClInclude Include="gameobject\CharacterStateMachine.h">
      <Filter>gameobject</Filter>
    </ClInclude>
    <ClInclude Include="gameobject\CharacterStateMachineBuilder.h">
      <Filter>gameobject</Filter>
    </ClInclude>
    <ClInclude Include="gameobject\CharacterStateManager.h">
      <Filter>gameobject</Filter>
    </ClInclude>
    <ClInclude Include="gameobject\CharacterVisitor.h">
      <Filter>gameobject</Filter>
    </ClInclude>
    <ClInclude Include="gameobject\CharActionCallBack.h">
      <Filter>gameobject</Filter>
    </ClInclude>
    <ClInclude Include="gameobject\CharActionDelegator.h">
      <Filter>gameobject</Filter>
    </ClInclude>
    <ClInclude Include="gameobject\CharActionLogic.h">
      <Filter>gameobject</Filter>
    </ClInclude>
    <ClInclude Include="gameobject\CharAttributes.h">
      <Filter>gameobject</Filter>
    </ClInclude>
    <ClInclude Include="gameobject\Creature.h">
      <Filter>gameobject</Filter>
    </ClInclude>
    <ClInclude Include="gameobject\EventSystem.h">
      <Filter>gameobject</Filter>
    </ClInclude>
    <ClInclude Include="gameobject\IdleState.h">
      <Filter>gameobject</Filter>
    </ClInclude>
    <ClInclude Include="gameobject\InitBeastieVisitor.h">
      <Filter>gameobject</Filter>
    </ClInclude>
    <ClInclude Include="gameobject\InitMonsterVisitor.h">
      <Filter>gameobject</Filter>
    </ClInclude>
    <ClInclude Include="gameobject\Monster.h">
      <Filter>gameobject</Filter>
    </ClInclude>
    <ClInclude Include="gameobject\MoveState.h">
      <Filter>gameobject</Filter>
    </ClInclude>
    <ClInclude Include="gameobject\Object.h">
      <Filter>gameobject</Filter>
    </ClInclude>
    <ClInclude Include="gameobject\ObjectList.h">
      <Filter>gameobject</Filter>
    </ClInclude>
    <ClInclude Include="gameobject\ObjectManager.h">
      <Filter>gameobject</Filter>
    </ClInclude>
    <ClInclude Include="gameobject\Player.h">
      <Filter>gameobject</Filter>
    </ClInclude>
    <ClInclude Include="gameobject\PlayerManager.h">
      <Filter>gameobject</Filter>
    </ClInclude>
    <ClInclude Include="gameobject\Profession_All.h">
      <Filter>gameobject</Filter>
    </ClInclude>
    <ClInclude Include="gameobject\Profession_Base.h">
      <Filter>gameobject</Filter>
    </ClInclude>
    <ClInclude Include="gameobject\SkillState.h">
      <Filter>gameobject</Filter>
    </ClInclude>
    <ClInclude Include="gameobject\Trap.h">
      <Filter>gameobject</Filter>
    </ClInclude>
    <ClInclude Include="gameobject\HumanSkillUpgrad.h">
      <Filter>gameobject</Filter>
    </ClInclude>
    <ClInclude Include="horse\Behavior_Horse.h">
      <Filter>horse</Filter>
    </ClInclude>
    <ClInclude Include="horse\CreateHorseCommand.h">
      <Filter>horse</Filter>
    </ClInclude>
    <ClInclude Include="horse\Horse.h">
      <Filter>horse</Filter>
    </ClInclude>
    <ClInclude Include="horse\HorseAttrCalculater.h">
      <Filter>horse</Filter>
    </ClInclude>
    <ClInclude Include="horse\HorseManager.h">
      <Filter>horse</Filter>
    </ClInclude>
    <ClInclude Include="horse\HorseManipulateCommand.h">
      <Filter>horse</Filter>
    </ClInclude>
    <ClInclude Include="horse\HorseStruct.h">
      <Filter>horse</Filter>
    </ClInclude>
    <ClInclude Include="item\Item_Base.h">
      <Filter>item</Filter>
    </ClInclude>
    <ClInclude Include="item\Item_Container.h">
      <Filter>item</Filter>
    </ClInclude>
    <ClInclude Include="item\Item_GrowPointManager.h">
      <Filter>item</Filter>
    </ClInclude>
    <ClInclude Include="item\Item_Helper.h">
      <Filter>item</Filter>
    </ClInclude>
    <ClInclude Include="item\Item_HorseContainer.h">
      <Filter>item</Filter>
    </ClInclude>
    <ClInclude Include="item\Item_Interface.h">
      <Filter>item</Filter>
    </ClInclude>
    <ClInclude Include="item\Item_Manager.h">
      <Filter>item</Filter>
    </ClInclude>
    <ClInclude Include="item\Item_PlayerBaseContainer.h">
      <Filter>item</Filter>
    </ClInclude>
    <ClInclude Include="item\Item_PlayerExtraBag.h">
      <Filter>item</Filter>
    </ClInclude>
    <ClInclude Include="item\Item_PlayerExtraBagContainer.h">
      <Filter>item</Filter>
    </ClInclude>
    <ClInclude Include="item\Item_Ruler.h">
      <Filter>item</Filter>
    </ClInclude>
    <ClInclude Include="item\Item_Types.h">
      <Filter>item</Filter>
    </ClInclude>
    <ClInclude Include="item\ItemBox.h">
      <Filter>item</Filter>
    </ClInclude>
    <ClInclude Include="item\ItemBoxManager.h">
      <Filter>item</Filter>
    </ClInclude>
    <ClInclude Include="item\ItemInstance.h">
      <Filter>item</Filter>
    </ClInclude>
    <ClInclude Include="item\ItemInstanceManager.h">
      <Filter>item</Filter>
    </ClInclude>
    <ClInclude Include="map\BeastieManager.h">
      <Filter>map</Filter>
    </ClInclude>
    <ClInclude Include="map\game_map.h">
      <Filter>map</Filter>
    </ClInclude>
    <ClInclude Include="map\Grid.h">
      <Filter>map</Filter>
    </ClInclude>
    <ClInclude Include="map\map_info.h">
      <Filter>map</Filter>
    </ClInclude>
    <ClInclude Include="map\map_manager.h">
      <Filter>map</Filter>
    </ClInclude>
    <ClInclude Include="map\MapDropPosManager.h">
      <Filter>map</Filter>
    </ClInclude>
    <ClInclude Include="map\MapScanerOperators.h">
      <Filter>map</Filter>
    </ClInclude>
    <ClInclude Include="map\MisBuf.h">
      <Filter>map</Filter>
    </ClInclude>
    <ClInclude Include="map\MonsterManager.h">
      <Filter>map</Filter>
    </ClInclude>
    <ClInclude Include="map\ObjectManager.h">
      <Filter>map</Filter>
    </ClInclude>
    <ClInclude Include="map\ObjectSingleManager.h">
      <Filter>map</Filter>
    </ClInclude>
    <ClInclude Include="map\RegionManager.h">
      <Filter>map</Filter>
    </ClInclude>
    <ClInclude Include="map\ScanerOperator.h">
      <Filter>map</Filter>
    </ClInclude>
    <ClInclude Include="map\server_map_path.h">
      <Filter>map</Filter>
    </ClInclude>
    <ClInclude Include="quest\quest_manager.h">
      <Filter>quest</Filter>
    </ClInclude>
    <ClInclude Include="script\LuaFunction.h">
      <Filter>script</Filter>
    </ClInclude>
    <ClInclude Include="script\LuaFunction_General.h">
      <Filter>script</Filter>
    </ClInclude>
    <ClInclude Include="script\LuaFunction_Quest.h">
      <Filter>script</Filter>
    </ClInclude>
    <ClInclude Include="script\LuaLib.h">
      <Filter>script</Filter>
    </ClInclude>
    <ClInclude Include="script\LuaMacro.h">
      <Filter>script</Filter>
    </ClInclude>
    <ClInclude Include="script\LuaScriptVM.h">
      <Filter>script</Filter>
    </ClInclude>
    <ClInclude Include="script\LuaStack.h">
      <Filter>script</Filter>
    </ClInclude>
    <ClInclude Include="script\LuaSystem.h">
      <Filter>script</Filter>
    </ClInclude>
    <ClInclude Include="shop\ShopManager.h">
      <Filter>shop</Filter>
    </ClInclude>
    <ClInclude Include="skill\Skill_All.h">
      <Filter>skill</Filter>
    </ClInclude>
    <ClInclude Include="skill\Skill_Base.h">
      <Filter>skill</Filter>
    </ClInclude>
    <ClInclude Include="skill\Skill_Manager.h">
      <Filter>skill</Filter>
    </ClInclude>
    <ClInclude Include="skill\Spell_EffectInterface.h">
      <Filter>skill</Filter>
    </ClInclude>
    <ClInclude Include="skill\Spell_EffectLogic_All.h">
      <Filter>skill</Filter>
    </ClInclude>
    <ClInclude Include="skill\Spell_EffectLogic_Base.h">
      <Filter>skill</Filter>
    </ClInclude>
    <ClInclude Include="skill\Spell_EffectLogicManager.h">
      <Filter>skill</Filter>
    </ClInclude>
    <ClInclude Include="skill\Spell_Helper.h">
      <Filter>skill</Filter>
    </ClInclude>
    <ClInclude Include="skill\Spell_Interface.h">
      <Filter>skill</Filter>
    </ClInclude>
    <ClInclude Include="skill\Spell_Logic_Base.h">
      <Filter>skill</Filter>
    </ClInclude>
    <ClInclude Include="skill\Spell_Logic_EffectsToTarget.h">
      <Filter>skill</Filter>
    </ClInclude>
    <ClInclude Include="skill\Spell_Logic_Misc.h">
      <Filter>skill</Filter>
    </ClInclude>
    <ClInclude Include="skill\Spell_Logic_Profession.h">
      <Filter>skill</Filter>
    </ClInclude>
    <ClInclude Include="skill\Spell_TrapObjLogic.h">
      <Filter>skill</Filter>
    </ClInclude>
    <ClInclude Include="skill\Spell_TrapObjLogic_Trap.h">
      <Filter>skill</Filter>
    </ClInclude>
    <ClInclude Include="dummy\stdafx.h">
      <Filter>dummy</Filter>
    </ClInclude>
    <ClInclude Include="share\TAB\TabDefine.h">
      <Filter>share\tab</Filter>
    </ClInclude>
    <ClInclude Include="share\TAB\TabDefine_GL.h">
      <Filter>share\tab</Filter>
    </ClInclude>
    <ClInclude Include="share\TAB\TabDefine_Map.h">
      <Filter>share\tab</Filter>
    </ClInclude>
    <ClInclude Include="share\TAB\TabDefine_Map_Item.h">
      <Filter>share\tab</Filter>
    </ClInclude>
    <ClInclude Include="share\TAB\TabDefine_Map_Misc.h">
      <Filter>share\tab</Filter>
    </ClInclude>
    <ClInclude Include="share\TAB\TabDefine_Map_Monster.h">
      <Filter>share\tab</Filter>
    </ClInclude>
    <ClInclude Include="share\TAB\TabDefine_Map_Pet.h">
      <Filter>share\tab</Filter>
    </ClInclude>
    <ClInclude Include="share\TAB\TabDefine_Map_Quest.h">
      <Filter>share\tab</Filter>
    </ClInclude>
    <ClInclude Include="share\TAB\TabDefine_Map_Skill.h">
      <Filter>share\tab</Filter>
    </ClInclude>
    <ClInclude Include="share\TAB\TabDefine_Share.h">
      <Filter>share\tab</Filter>
    </ClInclude>
    <ClInclude Include="share\TAB\TabStruct.h">
      <Filter>share\tab</Filter>
    </ClInclude>
    <ClInclude Include="server_manager.h" />
    <ClInclude Include="server_settting.h" />
  </ItemGroup>
  <ItemGroup>
    <None Include="Archive\PlayerDB.inl">
      <Filter>Archive</Filter>
    </None>
    <None Include="gameobject\Player.inl">
      <Filter>gameobject</Filter>
    </None>
    <None Include="item\Item_Base.inl">
      <Filter>item</Filter>
    </None>
    <None Include="item\Item_GrowPointManager.inl">
      <Filter>item</Filter>
    </None>
    <None Include="item\ItemBox.inl">
      <Filter>item</Filter>
    </None>
    <None Include="item\ItemInstance.inl">
      <Filter>item</Filter>
    </None>
  </ItemGroup>
</Project>