<?xml version="1.0" encoding="utf-8"?>
<Project ToolsVersion="4.0" xmlns="http://schemas.microsoft.com/developer/msbuild/2003">
  <ItemGroup>
    <Filter Include="data">
      <UniqueIdentifier>{2407ccfa-360f-4509-895e-1b8e6a846729}</UniqueIdentifier>
    </Filter>
    <Filter Include="data\struct">
      <UniqueIdentifier>{54594ecf-581a-4324-afd6-0dd471c52631}</UniqueIdentifier>
    </Filter>
    <Filter Include="clientmessage">
      <UniqueIdentifier>{e6521af8-6cb2-4f96-9092-9d28bc60c6e6}</UniqueIdentifier>
    </Filter>
    <Filter Include="object">
      <UniqueIdentifier>{51c36fec-1890-4988-8996-666c095a7815}</UniqueIdentifier>
    </Filter>
    <Filter Include="entity">
      <UniqueIdentifier>{4b36b9f0-b374-47ad-8fa7-9dc8013fc2fb}</UniqueIdentifier>
    </Filter>
    <Filter Include="command">
      <UniqueIdentifier>{e93fb22f-6412-4554-892e-6bbd3f1baa96}</UniqueIdentifier>
    </Filter>
  </ItemGroup>
  <ItemGroup>
    <ClCompile Include="data\GameDataCharacter.cpp">
      <Filter>data</Filter>
    </ClCompile>
    <ClCompile Include="CharacterCommon.cpp" />
    <ClCompile Include="fulldemo.cpp" />
    <ClCompile Include="GameWorld.cpp" />
    <ClCompile Include="main.cpp" />
    <ClCompile Include="PathComponent.cpp" />
    <ClCompile Include="application_base.cpp" />
    <ClCompile Include="application_util.cpp" />
    <ClCompile Include="application_window.cpp" />
    <ClCompile Include="game_camera.cpp" />
    <ClCompile Include="clientmessage\SCEnterSceneProcess.cpp">
      <Filter>clientmessage</Filter>
    </ClCompile>
    <ClCompile Include="clientmessage\SCCharHumanBaseAttribProcess.cpp">
      <Filter>clientmessage</Filter>
    </ClCompile>
    <ClCompile Include="object\kcharacter.cpp">
      <Filter>object</Filter>
    </ClCompile>
    <ClCompile Include="object\KObject.cpp">
      <Filter>object</Filter>
    </ClCompile>
    <ClCompile Include="object\kplayer.cpp">
      <Filter>object</Filter>
    </ClCompile>
    <ClCompile Include="object\KObjectManager.cpp">
      <Filter>object</Filter>
    </ClCompile>
    <ClCompile Include="object\KItem.cpp">
      <Filter>object</Filter>
    </ClCompile>
    <ClCompile Include="object\KItemEquip.cpp">
      <Filter>object</Filter>
    </ClCompile>
    <ClCompile Include="object\KItemManager.cpp">
      <Filter>object</Filter>
    </ClCompile>
    <ClCompile Include="object\KItemGem.cpp">
      <Filter>object</Filter>
    </ClCompile>
    <ClCompile Include="object\KItemMedicine.cpp">
      <Filter>object</Filter>
    </ClCompile>
    <ClCompile Include="object\KItemBag.cpp">
      <Filter>object</Filter>
    </ClCompile>
    <ClCompile Include="object\KItemTask.cpp">
      <Filter>object</Filter>
    </ClCompile>
    <ClCompile Include="object\ItemCommon.cpp">
      <Filter>object</Filter>
    </ClCompile>
    <ClCompile Include="clientmessage\SCDetailEquipProcess.cpp">
      <Filter>clientmessage</Filter>
    </ClCompile>
    <ClCompile Include="GameEntity.cpp">
      <Filter>entity</Filter>
    </ClCompile>
    <ClCompile Include="clientmessage\SCNewMonsterProcess.cpp">
      <Filter>clientmessage</Filter>
    </ClCompile>
    <ClCompile Include="command\KObjCommand.cpp">
      <Filter>command</Filter>
    </ClCompile>
    <ClCompile Include="command\KCharStruct.cpp">
      <Filter>command</Filter>
    </ClCompile>
    <ClCompile Include="object\KNpc.cpp">
      <Filter>object</Filter>
    </ClCompile>
  </ItemGroup>
  <ItemGroup>
    <ClInclude Include="data\GameDataCharacter.h">
      <Filter>data</Filter>
    </ClInclude>
    <ClInclude Include="data\GameDataDefine.h">
      <Filter>data</Filter>
    </ClInclude>
    <ClInclude Include="data\struct\GameDataStructCharacterData.h">
      <Filter>data\struct</Filter>
    </ClInclude>
    <ClInclude Include="data\struct\GameDataStructTitle.h">
      <Filter>data\struct</Filter>
    </ClInclude>
    <ClInclude Include="CharacterCommon.h" />
    <ClInclude Include="demoHeader.h" />
    <ClInclude Include="fulldemo.h" />
    <ClInclude Include="GameWorld.h" />
    <ClInclude Include="PathComponent.h" />
    <ClInclude Include="application_base.h" />
    <ClInclude Include="application_util.h" />
    <ClInclude Include="application_window.h" />
    <ClInclude Include="game_camera.h" />
    <ClInclude Include="object\kcharacter.h">
      <Filter>object</Filter>
    </ClInclude>
    <ClInclude Include="object\KObject.h">
      <Filter>object</Filter>
    </ClInclude>
    <ClInclude Include="object\kplayer.h">
      <Filter>object</Filter>
    </ClInclude>
    <ClInclude Include="object\KObjectManager.h">
      <Filter>object</Filter>
    </ClInclude>
    <ClInclude Include="object\KItem.h">
      <Filter>object</Filter>
    </ClInclude>
    <ClInclude Include="object\KItemEquip.h">
      <Filter>object</Filter>
    </ClInclude>
    <ClInclude Include="object\KItemManager.h">
      <Filter>object</Filter>
    </ClInclude>
    <ClInclude Include="object\KItemGem.h">
      <Filter>object</Filter>
    </ClInclude>
    <ClInclude Include="object\KItemMedicine.h">
      <Filter>object</Filter>
    </ClInclude>
    <ClInclude Include="object\KItemBag.h">
      <Filter>object</Filter>
    </ClInclude>
    <ClInclude Include="object\KItemTask.h">
      <Filter>object</Filter>
    </ClInclude>
    <ClInclude Include="object\ItemCommon.h">
      <Filter>object</Filter>
    </ClInclude>
    <ClInclude Include="GameEntity.h">
      <Filter>entity</Filter>
    </ClInclude>
    <ClInclude Include="command\KCommand.h">
      <Filter>command</Filter>
    </ClInclude>
    <ClInclude Include="command\KObjCommand.h">
      <Filter>command</Filter>
    </ClInclude>
    <ClInclude Include="command\command.h">
      <Filter>command</Filter>
    </ClInclude>
    <ClInclude Include="command\KCharStruct.h">
      <Filter>command</Filter>
    </ClInclude>
    <ClInclude Include="object\KNpc.h">
      <Filter>object</Filter>
    </ClInclude>
  </ItemGroup>
</Project>