<?xml version="1.0" encoding="utf-8"?>
<Project ToolsVersion="4.0" xmlns="http://schemas.microsoft.com/developer/msbuild/2003">
  <ItemGroup>
    <Filter Include="AdvancedAnimation">
      <UniqueIdentifier>{114502cc-85ec-4759-8414-5f99da2a00d9}</UniqueIdentifier>
    </Filter>
    <Filter Include="component">
      <UniqueIdentifier>{d19a6d2b-a24a-4291-b98c-2de6d5eeb144}</UniqueIdentifier>
    </Filter>
    <Filter Include="effect">
      <UniqueIdentifier>{7ae8971d-e35e-4dbb-b8e6-52d774c48a98}</UniqueIdentifier>
    </Filter>
    <Filter Include="general">
      <UniqueIdentifier>{74228e32-8872-49d7-882b-aa6f7d1f4b1e}</UniqueIdentifier>
    </Filter>
    <Filter Include="Navigate">
      <UniqueIdentifier>{93124630-0c15-40aa-adba-2fb7908435d7}</UniqueIdentifier>
    </Filter>
    <Filter Include="Physics">
      <UniqueIdentifier>{8fd7eb94-4a29-4710-8f19-b7055d3023c0}</UniqueIdentifier>
    </Filter>
    <Filter Include="scene">
      <UniqueIdentifier>{9e9a6985-dbc1-48dd-a985-cdf90a114e33}</UniqueIdentifier>
    </Filter>
    <Filter Include="scene\actor">
      <UniqueIdentifier>{fdbcd929-b64b-47f2-97d7-855b106572dd}</UniqueIdentifier>
    </Filter>
  </ItemGroup>
  <ItemGroup>
    <ClCompile Include="AdvancedAnimation\OGAASAnimation.cpp">
      <Filter>AdvancedAnimation</Filter>
    </ClCompile>
    <ClCompile Include="AdvancedAnimation\OGAASAnimSequenceNode.cpp">
      <Filter>AdvancedAnimation</Filter>
    </ClCompile>
    <ClCompile Include="AdvancedAnimation\OGAASAnimTreeOutputNode.cpp">
      <Filter>AdvancedAnimation</Filter>
    </ClCompile>
    <ClCompile Include="AdvancedAnimation\OGAASAttackAnimSequenceNode.cpp">
      <Filter>AdvancedAnimation</Filter>
    </ClCompile>
    <ClCompile Include="AdvancedAnimation\OGAASBlendByAttackNode.cpp">
      <Filter>AdvancedAnimation</Filter>
    </ClCompile>
    <ClCompile Include="AdvancedAnimation\OGAASBlendByDamageNode.cpp">
      <Filter>AdvancedAnimation</Filter>
    </ClCompile>
    <ClCompile Include="AdvancedAnimation\OGAASBlendByDanceNode.cpp">
      <Filter>AdvancedAnimation</Filter>
    </ClCompile>
    <ClCompile Include="AdvancedAnimation\OGAASBlendByDirectionalNode.cpp">
      <Filter>AdvancedAnimation</Filter>
    </ClCompile>
    <ClCompile Include="AdvancedAnimation\OGAASBlendByEquitationNode.cpp">
      <Filter>AdvancedAnimation</Filter>
    </ClCompile>
    <ClCompile Include="AdvancedAnimation\OGAASBlendByGuardNode.cpp">
      <Filter>AdvancedAnimation</Filter>
    </ClCompile>
    <ClCompile Include="AdvancedAnimation\OGAASBlendByIdleNode.cpp">
      <Filter>AdvancedAnimation</Filter>
    </ClCompile>
    <ClCompile Include="AdvancedAnimation\OGAASBlendByLifeNode.cpp">
      <Filter>AdvancedAnimation</Filter>
    </ClCompile>
    <ClCompile Include="AdvancedAnimation\OGAASBlendByMoodNode.cpp">
      <Filter>AdvancedAnimation</Filter>
    </ClCompile>
    <ClCompile Include="AdvancedAnimation\OGAASBlendByPostureNode.cpp">
      <Filter>AdvancedAnimation</Filter>
    </ClCompile>
    <ClCompile Include="AdvancedAnimation\OGAASBlendByRandomNode.cpp">
      <Filter>AdvancedAnimation</Filter>
    </ClCompile>
    <ClCompile Include="AdvancedAnimation\OGAASBlendByRidingNode.cpp">
      <Filter>AdvancedAnimation</Filter>
    </ClCompile>
    <ClCompile Include="AdvancedAnimation\OGAASBlendByWalkNode.cpp">
      <Filter>AdvancedAnimation</Filter>
    </ClCompile>
    <ClCompile Include="AdvancedAnimation\OGAASBlendByWeaponTypeNode.cpp">
      <Filter>AdvancedAnimation</Filter>
    </ClCompile>
    <ClCompile Include="AdvancedAnimation\OGAASContinuousNode.cpp">
      <Filter>AdvancedAnimation</Filter>
    </ClCompile>
    <ClCompile Include="AdvancedAnimation\OGAASCrossFadeByTimeListNode.cpp">
      <Filter>AdvancedAnimation</Filter>
    </ClCompile>
    <ClCompile Include="AdvancedAnimation\OGAASCrossFadeByTimeNode.cpp">
      <Filter>AdvancedAnimation</Filter>
    </ClCompile>
    <ClCompile Include="AdvancedAnimation\OGAASCrossFadeByTimeSlotNode.cpp">
      <Filter>AdvancedAnimation</Filter>
    </ClCompile>
    <ClCompile Include="AdvancedAnimation\OGAASCrossFadeByTimeWithMaskNode.cpp">
      <Filter>AdvancedAnimation</Filter>
    </ClCompile>
    <ClCompile Include="AdvancedAnimation\OGAASCrossFadeByValNode.cpp">
      <Filter>AdvancedAnimation</Filter>
    </ClCompile>
    <ClCompile Include="AdvancedAnimation\OGAASCrossFadeNode.cpp">
      <Filter>AdvancedAnimation</Filter>
    </ClCompile>
    <ClCompile Include="AdvancedAnimation\OGAASFIFO.cpp">
      <Filter>AdvancedAnimation</Filter>
    </ClCompile>
    <ClCompile Include="AdvancedAnimation\OGAASMask.cpp">
      <Filter>AdvancedAnimation</Filter>
    </ClCompile>
    <ClCompile Include="AdvancedAnimation\OGAASMoodAnimSequenceNode.cpp">
      <Filter>AdvancedAnimation</Filter>
    </ClCompile>
    <ClCompile Include="AdvancedAnimation\OGAASNode.cpp">
      <Filter>AdvancedAnimation</Filter>
    </ClCompile>
    <ClCompile Include="AdvancedAnimation\OGAASPort.cpp">
      <Filter>AdvancedAnimation</Filter>
    </ClCompile>
    <ClCompile Include="AdvancedAnimation\OGAASSkelControlBase.cpp">
      <Filter>AdvancedAnimation</Filter>
    </ClCompile>
    <ClCompile Include="AdvancedAnimation\OGAASWeaponAnimExtSequenceNode.cpp">
      <Filter>AdvancedAnimation</Filter>
    </ClCompile>
    <ClCompile Include="AdvancedAnimation\OGAASWeaponAnimSequenceNode.cpp">
      <Filter>AdvancedAnimation</Filter>
    </ClCompile>
    <ClCompile Include="AdvancedAnimation\OGAdvancedAnimationSystem.cpp">
      <Filter>AdvancedAnimation</Filter>
    </ClCompile>
    <ClCompile Include="AdvancedAnimation\OGAdvancedAnimationSystemAbstract.cpp">
      <Filter>AdvancedAnimation</Filter>
    </ClCompile>
    <ClCompile Include="AdvancedAnimation\OGAdvancedAnimationSystemInstance.cpp">
      <Filter>AdvancedAnimation</Filter>
    </ClCompile>
    <ClCompile Include="AdvancedAnimation\OGAdvancedAnimationSystemManager.cpp">
      <Filter>AdvancedAnimation</Filter>
    </ClCompile>
    <ClCompile Include="AdvancedAnimation\OGAdvancedAnimationSystemSerializer.cpp">
      <Filter>AdvancedAnimation</Filter>
    </ClCompile>
    <ClCompile Include="component\OGCommandManager.cpp">
      <Filter>component</Filter>
    </ClCompile>
    <ClCompile Include="component\OGModelComponent.cpp">
      <Filter>component</Filter>
    </ClCompile>
    <ClCompile Include="component\OGModelComponentSerializer.cpp">
      <Filter>component</Filter>
    </ClCompile>
    <ClCompile Include="component\OGSkeletonMeshComponent.cpp">
      <Filter>component</Filter>
    </ClCompile>
    <ClCompile Include="component\OGSkeletonMeshComponentCommand.cpp">
      <Filter>component</Filter>
    </ClCompile>
    <ClCompile Include="component\OGSkeletonMeshComponentManager.cpp">
      <Filter>component</Filter>
    </ClCompile>
    <ClCompile Include="component\OGSkeletonMeshComponentSerializer.cpp">
      <Filter>component</Filter>
    </ClCompile>
    <ClCompile Include="component\OGStaticMeshComponent.cpp">
      <Filter>component</Filter>
    </ClCompile>
    <ClCompile Include="component\OGTerrainNewLiquidComponent.cpp">
      <Filter>component</Filter>
    </ClCompile>
    <ClCompile Include="effect\OGBullet.cpp">
      <Filter>effect</Filter>
    </ClCompile>
    <ClCompile Include="effect\OGBulletAgeTester.cpp">
      <Filter>effect</Filter>
    </ClCompile>
    <ClCompile Include="effect\OGBulletBirthOperator.cpp">
      <Filter>effect</Filter>
    </ClCompile>
    <ClCompile Include="effect\OGBulletCameraShakeOperator.cpp">
      <Filter>effect</Filter>
    </ClCompile>
    <ClCompile Include="effect\OGBulletDeleterOperator.cpp">
      <Filter>effect</Filter>
    </ClCompile>
    <ClCompile Include="effect\OGBulletEventSystem.cpp">
      <Filter>effect</Filter>
    </ClCompile>
    <ClCompile Include="effect\OGBulletFindTargetTester.cpp">
      <Filter>effect</Filter>
    </ClCompile>
    <ClCompile Include="effect\OGBulletFlowSystem.cpp">
      <Filter>effect</Filter>
    </ClCompile>
    <ClCompile Include="effect\OGBulletFlowSystemManager.cpp">
      <Filter>effect</Filter>
    </ClCompile>
    <ClCompile Include="effect\OGBulletForceOperator.cpp">
      <Filter>effect</Filter>
    </ClCompile>
    <ClCompile Include="effect\OGBulletHeightFieldCollisionTester.cpp">
      <Filter>effect</Filter>
    </ClCompile>
    <ClCompile Include="effect\OGBulletMotionAffector.cpp">
      <Filter>effect</Filter>
    </ClCompile>
    <ClCompile Include="effect\OGBulletScaleTester.cpp">
      <Filter>effect</Filter>
    </ClCompile>
    <ClCompile Include="effect\OGBulletScriptTester.cpp">
      <Filter>effect</Filter>
    </ClCompile>
    <ClCompile Include="effect\OGBulletSpawnOperator.cpp">
      <Filter>effect</Filter>
    </ClCompile>
    <ClCompile Include="effect\OGBulletSpawnTester.cpp">
      <Filter>effect</Filter>
    </ClCompile>
    <ClCompile Include="effect\OGBulletSpeedOperator.cpp">
      <Filter>effect</Filter>
    </ClCompile>
    <ClCompile Include="effect\OGBulletSystem.cpp">
      <Filter>effect</Filter>
    </ClCompile>
    <ClCompile Include="effect\OGBulletSystemBeamElement.cpp">
      <Filter>effect</Filter>
    </ClCompile>
    <ClCompile Include="effect\OGBulletSystemEffectElement.cpp">
      <Filter>effect</Filter>
    </ClCompile>
    <ClCompile Include="effect\OGBulletSystemElement.cpp">
      <Filter>effect</Filter>
    </ClCompile>
    <ClCompile Include="effect\OGBulletSystemManager.cpp">
      <Filter>effect</Filter>
    </ClCompile>
    <ClCompile Include="effect\OGBulletTester.cpp">
      <Filter>effect</Filter>
    </ClCompile>
    <ClCompile Include="effect\OGImpact.cpp">
      <Filter>effect</Filter>
    </ClCompile>
    <ClCompile Include="effect\OGImpactBeamModule.cpp">
      <Filter>effect</Filter>
    </ClCompile>
    <ClCompile Include="effect\OGImpactBillboardSetModule.cpp">
      <Filter>effect</Filter>
    </ClCompile>
    <ClCompile Include="effect\OGImpactManager.cpp">
      <Filter>effect</Filter>
    </ClCompile>
    <ClCompile Include="effect\OGImpactMeshModule.cpp">
      <Filter>effect</Filter>
    </ClCompile>
    <ClCompile Include="effect\OGImpactModule.cpp">
      <Filter>effect</Filter>
    </ClCompile>
    <ClCompile Include="effect\OGImpactModuleFactory.cpp">
      <Filter>effect</Filter>
    </ClCompile>
    <ClCompile Include="effect\OGImpactParticleModule.cpp">
      <Filter>effect</Filter>
    </ClCompile>
    <ClCompile Include="effect\OGImpactPointLightModule.cpp">
      <Filter>effect</Filter>
    </ClCompile>
    <ClCompile Include="effect\OGImpactProjectorModule.cpp">
      <Filter>effect</Filter>
    </ClCompile>
    <ClCompile Include="effect\OGImpactRibandModule.cpp">
      <Filter>effect</Filter>
    </ClCompile>
    <ClCompile Include="effect\OGImpactSerializer.cpp">
      <Filter>effect</Filter>
    </ClCompile>
    <ClCompile Include="effect\OGMainSceneLight.cpp">
      <Filter>effect</Filter>
    </ClCompile>
    <ClCompile Include="effect\OGSpell.cpp">
      <Filter>effect</Filter>
    </ClCompile>
    <ClCompile Include="effect\OGSpellBulletFlowModule.cpp">
      <Filter>effect</Filter>
    </ClCompile>
    <ClCompile Include="effect\OGSpellImpactModule.cpp">
      <Filter>effect</Filter>
    </ClCompile>
    <ClCompile Include="effect\OGSpellManager.cpp">
      <Filter>effect</Filter>
    </ClCompile>
    <ClCompile Include="effect\OGSpellModelModule.cpp">
      <Filter>effect</Filter>
    </ClCompile>
    <ClCompile Include="effect\OGSpellRibandModule.cpp">
      <Filter>effect</Filter>
    </ClCompile>
    <ClCompile Include="effect\OGSpellSceneLightModule.cpp">
      <Filter>effect</Filter>
    </ClCompile>
    <ClCompile Include="effect\OGSpellSerializer.cpp">
      <Filter>effect</Filter>
    </ClCompile>
    <ClCompile Include="effect\OGSpellSoundModule.cpp">
      <Filter>effect</Filter>
    </ClCompile>
    <ClCompile Include="general\OGBasicRenderable.cpp">
      <Filter>general</Filter>
    </ClCompile>
    <ClCompile Include="general\OGMeshInformer.cpp">
      <Filter>general</Filter>
    </ClCompile>
    <ClCompile Include="general\OGProjector.cpp">
      <Filter>general</Filter>
    </ClCompile>
    <ClCompile Include="general\OGPropertyInterface.cpp">
      <Filter>general</Filter>
    </ClCompile>
    <ClCompile Include="general\OgreCpuResource.cpp">
      <Filter>general</Filter>
    </ClCompile>
    <ClCompile Include="general\OgreEffectBillboardChain.cpp">
      <Filter>general</Filter>
    </ClCompile>
    <ClCompile Include="general\OGResources.cpp">
      <Filter>general</Filter>
    </ClCompile>
    <ClCompile Include="general\OgreUserDefinedObject.cpp">
      <Filter>general</Filter>
    </ClCompile>
    <ClCompile Include="general\OGUtil.cpp">
      <Filter>general</Filter>
    </ClCompile>
    <ClCompile Include="general\OGUtils.cpp">
      <Filter>general</Filter>
    </ClCompile>
    <ClCompile Include="Navigate\OGNavigate.cpp">
      <Filter>Navigate</Filter>
    </ClCompile>
    <ClCompile Include="Navigate\OGNavigateAStarNodeImp.cpp">
      <Filter>Navigate</Filter>
    </ClCompile>
    <ClCompile Include="Navigate\OGNavigateAStarSolverImp.cpp">
      <Filter>Navigate</Filter>
    </ClCompile>
    <ClCompile Include="Navigate\OGNavigateImp.cpp">
      <Filter>Navigate</Filter>
    </ClCompile>
    <ClCompile Include="Navigate\OGNavigateRegionImp.cpp">
      <Filter>Navigate</Filter>
    </ClCompile>
    <ClCompile Include="Navigate\OGNavigateSpaceImp.cpp">
      <Filter>Navigate</Filter>
    </ClCompile>
    <ClCompile Include="Navigate\OGNavigateUtilLibImp.cpp">
      <Filter>Navigate</Filter>
    </ClCompile>
    <ClCompile Include="scene\game_object.cpp">
      <Filter>scene</Filter>
    </ClCompile>
    <ClCompile Include="scene\game_scene.cpp">
      <Filter>scene</Filter>
    </ClCompile>
    <ClCompile Include="scene\game_scene_data.cpp">
      <Filter>scene</Filter>
    </ClCompile>
    <ClCompile Include="scene\game_scene_manager.cpp">
      <Filter>scene</Filter>
    </ClCompile>
    <ClCompile Include="scene\GameMapCollisionManager.cpp">
      <Filter>scene</Filter>
    </ClCompile>
    <ClCompile Include="scene\GameMapPath.cpp">
      <Filter>scene</Filter>
    </ClCompile>
    <ClCompile Include="scene\GameMapRegion.cpp">
      <Filter>scene</Filter>
    </ClCompile>
    <ClCompile Include="scene\GameMapZone.cpp">
      <Filter>scene</Filter>
    </ClCompile>
    <ClCompile Include="scene\scene_serializer.cpp">
      <Filter>scene</Filter>
    </ClCompile>
    <ClCompile Include="scene\terrain.cpp">
      <Filter>scene</Filter>
    </ClCompile>
    <ClCompile Include="scene\terrain_fixed_grid.cpp">
      <Filter>scene</Filter>
    </ClCompile>
    <ClCompile Include="scene\terrain_grid.cpp">
      <Filter>scene</Filter>
    </ClCompile>
    <ClCompile Include="scene\terrain_info.cpp">
      <Filter>scene</Filter>
    </ClCompile>
    <ClCompile Include="scene\terrain_serializer.cpp">
      <Filter>scene</Filter>
    </ClCompile>
    <ClCompile Include="scene\scene_actor\OGActor.cpp">
      <Filter>scene\actor</Filter>
    </ClCompile>
    <ClCompile Include="scene\scene_actor\OGActorFactory.cpp">
      <Filter>scene\actor</Filter>
    </ClCompile>
    <ClCompile Include="scene\scene_actor\OGActorFactoryManager.cpp">
      <Filter>scene\actor</Filter>
    </ClCompile>
    <ClCompile Include="scene\scene_actor\OGActorProxy.cpp">
      <Filter>scene\actor</Filter>
    </ClCompile>
    <ClCompile Include="scene\scene_actor\OGDetailActor.cpp">
      <Filter>scene\actor</Filter>
    </ClCompile>
    <ClCompile Include="scene\scene_actor\OGEffectActor.cpp">
      <Filter>scene\actor</Filter>
    </ClCompile>
    <ClCompile Include="scene\scene_actor\OGEnviromentActor.cpp">
      <Filter>scene\actor</Filter>
    </ClCompile>
    <ClCompile Include="scene\scene_actor\OGFactory.cpp">
      <Filter>scene\actor</Filter>
    </ClCompile>
    <ClCompile Include="scene\scene_actor\OGLightActor.cpp">
      <Filter>scene\actor</Filter>
    </ClCompile>
    <ClCompile Include="scene\scene_actor\OGModelActor.cpp">
      <Filter>scene\actor</Filter>
    </ClCompile>
    <ClCompile Include="scene\scene_actor\OGParticleSystemActor.cpp">
      <Filter>scene\actor</Filter>
    </ClCompile>
    <ClCompile Include="scene\scene_actor\OGPlacementActor.cpp">
      <Filter>scene\actor</Filter>
    </ClCompile>
    <ClCompile Include="scene\scene_actor\OGSkeletonMeshActor.cpp">
      <Filter>scene\actor</Filter>
    </ClCompile>
    <ClCompile Include="scene\scene_actor\OGSkyActor.cpp">
      <Filter>scene\actor</Filter>
    </ClCompile>
    <ClCompile Include="scene\scene_actor\OGSkyLayerActor.cpp">
      <Filter>scene\actor</Filter>
    </ClCompile>
    <ClCompile Include="scene\scene_actor\OGStaticMeshActor.cpp">
      <Filter>scene\actor</Filter>
    </ClCompile>
    <ClCompile Include="scene\scene_actor\OGTerrainLiquidActor.cpp">
      <Filter>scene\actor</Filter>
    </ClCompile>
    <ClCompile Include="Physics\OGCollisionBuilding.cpp">
      <Filter>Physics</Filter>
    </ClCompile>
    <ClCompile Include="Physics\OGCollisionBuildingManager.cpp">
      <Filter>Physics</Filter>
    </ClCompile>
    <ClCompile Include="Physics\OGCollisionBuildingSerializer.cpp">
      <Filter>Physics</Filter>
    </ClCompile>
    <ClCompile Include="Physics\OGCollisionModel.cpp">
      <Filter>Physics</Filter>
    </ClCompile>
    <ClCompile Include="Physics\OGCollisionModelManager.cpp">
      <Filter>Physics</Filter>
    </ClCompile>
    <ClCompile Include="Physics\OGPhyActor.cpp">
      <Filter>Physics</Filter>
    </ClCompile>
    <ClCompile Include="Physics\OGPhyBoxShape.cpp">
      <Filter>Physics</Filter>
    </ClCompile>
    <ClCompile Include="Physics\OGPhyCapsuleShape.cpp">
      <Filter>Physics</Filter>
    </ClCompile>
    <ClCompile Include="Physics\OGPhyCollection.cpp">
      <Filter>Physics</Filter>
    </ClCompile>
    <ClCompile Include="Physics\OGPhyCollectionSerializer.cpp">
      <Filter>Physics</Filter>
    </ClCompile>
    <ClCompile Include="Physics\OGPhyConstraint.cpp">
      <Filter>Physics</Filter>
    </ClCompile>
    <ClCompile Include="Physics\OGPhyConvexCullShape.cpp">
      <Filter>Physics</Filter>
    </ClCompile>
    <ClCompile Include="Physics\OGPhyCookedTriangleMesh.cpp">
      <Filter>Physics</Filter>
    </ClCompile>
    <ClCompile Include="Physics\OGPhyCookedTriangleMeshManager.cpp">
      <Filter>Physics</Filter>
    </ClCompile>
    <ClCompile Include="Physics\OGPhyCookedTriangleMeshSerializer.cpp">
      <Filter>Physics</Filter>
    </ClCompile>
    <ClCompile Include="Physics\OGPhyHeightFieldShape.cpp">
      <Filter>Physics</Filter>
    </ClCompile>
    <ClCompile Include="Physics\OGPhyShape.cpp">
      <Filter>Physics</Filter>
    </ClCompile>
    <ClCompile Include="Physics\OGPhyShapeSerializersManager.cpp">
      <Filter>Physics</Filter>
    </ClCompile>
    <ClCompile Include="Physics\OGPhysicsManager.cpp">
      <Filter>Physics</Filter>
    </ClCompile>
    <ClCompile Include="Physics\OGPhySixDofConstraint.cpp">
      <Filter>Physics</Filter>
    </ClCompile>
    <ClCompile Include="Physics\OGPhySoftBody.cpp">
      <Filter>Physics</Filter>
    </ClCompile>
    <ClCompile Include="Physics\OGPhySpaceSerializer.cpp">
      <Filter>Physics</Filter>
    </ClCompile>
    <ClCompile Include="Physics\OGPhySphereShape.cpp">
      <Filter>Physics</Filter>
    </ClCompile>
    <ClCompile Include="Physics\OGPhyStaticConcaveShape.cpp">
      <Filter>Physics</Filter>
    </ClCompile>
    <ClCompile Include="Physics\OGPhyTimeController.cpp">
      <Filter>Physics</Filter>
    </ClCompile>
    <ClCompile Include="Physics\OGPhyWorld.cpp">
      <Filter>Physics</Filter>
    </ClCompile>
    <ClCompile Include="general\engine_manager.cpp">
      <Filter>general</Filter>
    </ClCompile>
    <ClCompile Include="general\skbFileParser.cpp">
      <Filter>general</Filter>
    </ClCompile>
  </ItemGroup>
  <ItemGroup>
    <ClInclude Include="AdvancedAnimation\OGAASAnimation.h">
      <Filter>AdvancedAnimation</Filter>
    </ClInclude>
    <ClInclude Include="AdvancedAnimation\OGAASAnimSequenceNode.h">
      <Filter>AdvancedAnimation</Filter>
    </ClInclude>
    <ClInclude Include="AdvancedAnimation\OGAASAnimSequenceNodeFactory.h">
      <Filter>AdvancedAnimation</Filter>
    </ClInclude>
    <ClInclude Include="AdvancedAnimation\OGAASAnimTreeOutputNode.h">
      <Filter>AdvancedAnimation</Filter>
    </ClInclude>
    <ClInclude Include="AdvancedAnimation\OGAASAnimTreeOutputNodeFactory.h">
      <Filter>AdvancedAnimation</Filter>
    </ClInclude>
    <ClInclude Include="AdvancedAnimation\OGAASAttackAnimSequenceNode.h">
      <Filter>AdvancedAnimation</Filter>
    </ClInclude>
    <ClInclude Include="AdvancedAnimation\OGAASAttackAnimSequenceNodeFactory.h">
      <Filter>AdvancedAnimation</Filter>
    </ClInclude>
    <ClInclude Include="AdvancedAnimation\OGAASBlendByAttackNode.h">
      <Filter>AdvancedAnimation</Filter>
    </ClInclude>
    <ClInclude Include="AdvancedAnimation\OGAASBlendByAttackNodeFactory.h">
      <Filter>AdvancedAnimation</Filter>
    </ClInclude>
    <ClInclude Include="AdvancedAnimation\OGAASBlendByDamageNode.h">
      <Filter>AdvancedAnimation</Filter>
    </ClInclude>
    <ClInclude Include="AdvancedAnimation\OGAASBlendByDamageNodeFactory.h">
      <Filter>AdvancedAnimation</Filter>
    </ClInclude>
    <ClInclude Include="AdvancedAnimation\OGAASBlendByDanceNode.h">
      <Filter>AdvancedAnimation</Filter>
    </ClInclude>
    <ClInclude Include="AdvancedAnimation\OGAASBlendByDanceNodeFactory.h">
      <Filter>AdvancedAnimation</Filter>
    </ClInclude>
    <ClInclude Include="AdvancedAnimation\OGAASBlendByDirectionalNode.h">
      <Filter>AdvancedAnimation</Filter>
    </ClInclude>
    <ClInclude Include="AdvancedAnimation\OGAASBlendByDirectionalNodeFactory.h">
      <Filter>AdvancedAnimation</Filter>
    </ClInclude>
    <ClInclude Include="AdvancedAnimation\OGAASBlendByEquitationNode.h">
      <Filter>AdvancedAnimation</Filter>
    </ClInclude>
    <ClInclude Include="AdvancedAnimation\OGAASBlendByEquitationNodeFactory.h">
      <Filter>AdvancedAnimation</Filter>
    </ClInclude>
    <ClInclude Include="AdvancedAnimation\OGAASBlendByGuardNode.h">
      <Filter>AdvancedAnimation</Filter>
    </ClInclude>
    <ClInclude Include="AdvancedAnimation\OGAASBlendByGuardNodeFactory.h">
      <Filter>AdvancedAnimation</Filter>
    </ClInclude>
    <ClInclude Include="AdvancedAnimation\OGAASBlendByIdleNode.h">
      <Filter>AdvancedAnimation</Filter>
    </ClInclude>
    <ClInclude Include="AdvancedAnimation\OGAASBlendByIdleNodeFactory.h">
      <Filter>AdvancedAnimation</Filter>
    </ClInclude>
    <ClInclude Include="AdvancedAnimation\OGAASBlendByLifeNode.h">
      <Filter>AdvancedAnimation</Filter>
    </ClInclude>
    <ClInclude Include="AdvancedAnimation\OGAASBlendByLifeNodeFactory.h">
      <Filter>AdvancedAnimation</Filter>
    </ClInclude>
    <ClInclude Include="AdvancedAnimation\OGAASBlendByMoodNode.h">
      <Filter>AdvancedAnimation</Filter>
    </ClInclude>
    <ClInclude Include="AdvancedAnimation\OGAASBlendByMoodNodeFactory.h">
      <Filter>AdvancedAnimation</Filter>
    </ClInclude>
    <ClInclude Include="AdvancedAnimation\OGAASBlendByPostureNode.h">
      <Filter>AdvancedAnimation</Filter>
    </ClInclude>
    <ClInclude Include="AdvancedAnimation\OGAASBlendByPostureNodeFactory.h">
      <Filter>AdvancedAnimation</Filter>
    </ClInclude>
    <ClInclude Include="AdvancedAnimation\OGAASBlendByRandomNode.h">
      <Filter>AdvancedAnimation</Filter>
    </ClInclude>
    <ClInclude Include="AdvancedAnimation\OGAASBlendByRandomNodeFactory.h">
      <Filter>AdvancedAnimation</Filter>
    </ClInclude>
    <ClInclude Include="AdvancedAnimation\OGAASBlendByRidingNode.h">
      <Filter>AdvancedAnimation</Filter>
    </ClInclude>
    <ClInclude Include="AdvancedAnimation\OGAASBlendByRidingNodeFactory.h">
      <Filter>AdvancedAnimation</Filter>
    </ClInclude>
    <ClInclude Include="AdvancedAnimation\OGAASBlendByWalkNode.h">
      <Filter>AdvancedAnimation</Filter>
    </ClInclude>
    <ClInclude Include="AdvancedAnimation\OGAASBlendByWalkNodeFactory.h">
      <Filter>AdvancedAnimation</Filter>
    </ClInclude>
    <ClInclude Include="AdvancedAnimation\OGAASBlendByWeaponTypeNode.h">
      <Filter>AdvancedAnimation</Filter>
    </ClInclude>
    <ClInclude Include="AdvancedAnimation\OGAASBlendByWeaponTypeNodeFactory.h">
      <Filter>AdvancedAnimation</Filter>
    </ClInclude>
    <ClInclude Include="AdvancedAnimation\OGAASCommon.h">
      <Filter>AdvancedAnimation</Filter>
    </ClInclude>
    <ClInclude Include="AdvancedAnimation\OGAASContinuousNode.h">
      <Filter>AdvancedAnimation</Filter>
    </ClInclude>
    <ClInclude Include="AdvancedAnimation\OGAASCrossFadeByTimeListNode.h">
      <Filter>AdvancedAnimation</Filter>
    </ClInclude>
    <ClInclude Include="AdvancedAnimation\OGAASCrossFadeByTimeListNodeFactory.h">
      <Filter>AdvancedAnimation</Filter>
    </ClInclude>
    <ClInclude Include="AdvancedAnimation\OGAASCrossFadeByTimeNode.h">
      <Filter>AdvancedAnimation</Filter>
    </ClInclude>
    <ClInclude Include="AdvancedAnimation\OGAASCrossFadeByTimeSlotNode.h">
      <Filter>AdvancedAnimation</Filter>
    </ClInclude>
    <ClInclude Include="AdvancedAnimation\OGAASCrossFadeByTimeSlotNodeFactory.h">
      <Filter>AdvancedAnimation</Filter>
    </ClInclude>
    <ClInclude Include="AdvancedAnimation\OGAASCrossFadeByTimeWithMaskNode.h">
      <Filter>AdvancedAnimation</Filter>
    </ClInclude>
    <ClInclude Include="AdvancedAnimation\OGAASCrossFadeByValNode.h">
      <Filter>AdvancedAnimation</Filter>
    </ClInclude>
    <ClInclude Include="AdvancedAnimation\OGAASCrossFadeNode.h">
      <Filter>AdvancedAnimation</Filter>
    </ClInclude>
    <ClInclude Include="AdvancedAnimation\OGAASFIFO.h">
      <Filter>AdvancedAnimation</Filter>
    </ClInclude>
    <ClInclude Include="AdvancedAnimation\OGAASFileFormat.h">
      <Filter>AdvancedAnimation</Filter>
    </ClInclude>
    <ClInclude Include="AdvancedAnimation\OGAASMask.h">
      <Filter>AdvancedAnimation</Filter>
    </ClInclude>
    <ClInclude Include="AdvancedAnimation\OGAASMoodAnimSequenceNode.h">
      <Filter>AdvancedAnimation</Filter>
    </ClInclude>
    <ClInclude Include="AdvancedAnimation\OGAASMoodAnimSequenceNodeFactory.h">
      <Filter>AdvancedAnimation</Filter>
    </ClInclude>
    <ClInclude Include="AdvancedAnimation\OGAASNode.h">
      <Filter>AdvancedAnimation</Filter>
    </ClInclude>
    <ClInclude Include="AdvancedAnimation\OGAASNodeFactory.h">
      <Filter>AdvancedAnimation</Filter>
    </ClInclude>
    <ClInclude Include="AdvancedAnimation\OGAASPort.h">
      <Filter>AdvancedAnimation</Filter>
    </ClInclude>
    <ClInclude Include="AdvancedAnimation\OGAASSkelControlBase.h">
      <Filter>AdvancedAnimation</Filter>
    </ClInclude>
    <ClInclude Include="AdvancedAnimation\OGAASWeaponAnimExtSequenceNode.h">
      <Filter>AdvancedAnimation</Filter>
    </ClInclude>
    <ClInclude Include="AdvancedAnimation\OGAASWeaponAnimSequenceNode.h">
      <Filter>AdvancedAnimation</Filter>
    </ClInclude>
    <ClInclude Include="AdvancedAnimation\OGAASWeaponAnimSequenceNodeFactory.h">
      <Filter>AdvancedAnimation</Filter>
    </ClInclude>
    <ClInclude Include="AdvancedAnimation\OGAdvancedAnimationSystem.h">
      <Filter>AdvancedAnimation</Filter>
    </ClInclude>
    <ClInclude Include="AdvancedAnimation\OGAdvancedAnimationSystemAbstract.h">
      <Filter>AdvancedAnimation</Filter>
    </ClInclude>
    <ClInclude Include="AdvancedAnimation\OGAdvancedAnimationSystemInstance.h">
      <Filter>AdvancedAnimation</Filter>
    </ClInclude>
    <ClInclude Include="AdvancedAnimation\OGAdvancedAnimationSystemManager.h">
      <Filter>AdvancedAnimation</Filter>
    </ClInclude>
    <ClInclude Include="AdvancedAnimation\OGAdvancedAnimationSystemSerializer.h">
      <Filter>AdvancedAnimation</Filter>
    </ClInclude>
    <ClInclude Include="component\OGCommandManager.h">
      <Filter>component</Filter>
    </ClInclude>
    <ClInclude Include="component\OGComponent.h">
      <Filter>component</Filter>
    </ClInclude>
    <ClInclude Include="component\OGModelComponent.h">
      <Filter>component</Filter>
    </ClInclude>
    <ClInclude Include="component\OGModelComponentSerializer.h">
      <Filter>component</Filter>
    </ClInclude>
    <ClInclude Include="component\OGSkeletonMeshComponent.h">
      <Filter>component</Filter>
    </ClInclude>
    <ClInclude Include="component\OGSkeletonMeshComponentCommand.h">
      <Filter>component</Filter>
    </ClInclude>
    <ClInclude Include="component\OGSkeletonMeshComponentManager.h">
      <Filter>component</Filter>
    </ClInclude>
    <ClInclude Include="component\OGSkeletonMeshComponentSerializer.h">
      <Filter>component</Filter>
    </ClInclude>
    <ClInclude Include="component\OGStaticMeshComponent.h">
      <Filter>component</Filter>
    </ClInclude>
    <ClInclude Include="component\OGTerrainNewLiquidComponent.h">
      <Filter>component</Filter>
    </ClInclude>
    <ClInclude Include="effect\OGBullet.h">
      <Filter>effect</Filter>
    </ClInclude>
    <ClInclude Include="effect\OGBulletAgeTester.h">
      <Filter>effect</Filter>
    </ClInclude>
    <ClInclude Include="effect\OGBulletAgeTesterFactory.h">
      <Filter>effect</Filter>
    </ClInclude>
    <ClInclude Include="effect\OGBulletBirthOperator.h">
      <Filter>effect</Filter>
    </ClInclude>
    <ClInclude Include="effect\OGBulletBirthOperatorFactory.h">
      <Filter>effect</Filter>
    </ClInclude>
    <ClInclude Include="effect\OGBulletCallbacks.h">
      <Filter>effect</Filter>
    </ClInclude>
    <ClInclude Include="effect\OGBulletCameraShakeOperator.h">
      <Filter>effect</Filter>
    </ClInclude>
    <ClInclude Include="effect\OGBulletCameraShakeOperatorFactory.h">
      <Filter>effect</Filter>
    </ClInclude>
    <ClInclude Include="effect\OGBulletDeleterOperator.h">
      <Filter>effect</Filter>
    </ClInclude>
    <ClInclude Include="effect\OGBulletDeleterOperatorFactory.h">
      <Filter>effect</Filter>
    </ClInclude>
    <ClInclude Include="effect\OGBulletEventSystem.h">
      <Filter>effect</Filter>
    </ClInclude>
    <ClInclude Include="effect\OGBulletFindTargetTester.h">
      <Filter>effect</Filter>
    </ClInclude>
    <ClInclude Include="effect\OGBulletFindTargetTesterFactory.h">
      <Filter>effect</Filter>
    </ClInclude>
    <ClInclude Include="effect\OGBulletFlowSystem.h">
      <Filter>effect</Filter>
    </ClInclude>
    <ClInclude Include="effect\OGBulletFlowSystemManager.h">
      <Filter>effect</Filter>
    </ClInclude>
    <ClInclude Include="effect\OGBulletForceOperator.h">
      <Filter>effect</Filter>
    </ClInclude>
    <ClInclude Include="effect\OGBulletForceOperatorFactory.h">
      <Filter>effect</Filter>
    </ClInclude>
    <ClInclude Include="effect\OGBulletHeightFieldCollisionTester.h">
      <Filter>effect</Filter>
    </ClInclude>
    <ClInclude Include="effect\OGBulletHeightFieldCollisionTesterFactory.h">
      <Filter>effect</Filter>
    </ClInclude>
    <ClInclude Include="effect\OGBulletMotionAffector.h">
      <Filter>effect</Filter>
    </ClInclude>
    <ClInclude Include="effect\OGBulletOperator.h">
      <Filter>effect</Filter>
    </ClInclude>
    <ClInclude Include="effect\OGBulletOperatorFactory.h">
      <Filter>effect</Filter>
    </ClInclude>
    <ClInclude Include="effect\OGBulletScaleTester.h">
      <Filter>effect</Filter>
    </ClInclude>
    <ClInclude Include="effect\OGBulletScaleTesterFactory.h">
      <Filter>effect</Filter>
    </ClInclude>
    <ClInclude Include="effect\OGBulletScriptTester.h">
      <Filter>effect</Filter>
    </ClInclude>
    <ClInclude Include="effect\OGBulletScriptTesterFactory.h">
      <Filter>effect</Filter>
    </ClInclude>
    <ClInclude Include="effect\OGBulletSpawnOperator.h">
      <Filter>effect</Filter>
    </ClInclude>
    <ClInclude Include="effect\OGBulletSpawnOperatorFactory.h">
      <Filter>effect</Filter>
    </ClInclude>
    <ClInclude Include="effect\OGBulletSpawnTester.h">
      <Filter>effect</Filter>
    </ClInclude>
    <ClInclude Include="effect\OGBulletSpawnTesterFactory.h">
      <Filter>effect</Filter>
    </ClInclude>
    <ClInclude Include="effect\OGBulletSpeedOperator.h">
      <Filter>effect</Filter>
    </ClInclude>
    <ClInclude Include="effect\OGBulletSpeedOperatorFactory.h">
      <Filter>effect</Filter>
    </ClInclude>
    <ClInclude Include="effect\OGBulletSystem.h">
      <Filter>effect</Filter>
    </ClInclude>
    <ClInclude Include="effect\OGBulletSystemBeamElement.h">
      <Filter>effect</Filter>
    </ClInclude>
    <ClInclude Include="effect\OGBulletSystemEffectElement.h">
      <Filter>effect</Filter>
    </ClInclude>
    <ClInclude Include="effect\OGBulletSystemElement.h">
      <Filter>effect</Filter>
    </ClInclude>
    <ClInclude Include="effect\OGBulletSystemManager.h">
      <Filter>effect</Filter>
    </ClInclude>
    <ClInclude Include="effect\OGBulletTester.h">
      <Filter>effect</Filter>
    </ClInclude>
    <ClInclude Include="effect\OGImpact.h">
      <Filter>effect</Filter>
    </ClInclude>
    <ClInclude Include="effect\OGImpactBeamModule.h">
      <Filter>effect</Filter>
    </ClInclude>
    <ClInclude Include="effect\OGImpactBillboardSetModule.h">
      <Filter>effect</Filter>
    </ClInclude>
    <ClInclude Include="effect\OGImpactManager.h">
      <Filter>effect</Filter>
    </ClInclude>
    <ClInclude Include="effect\OGImpactMeshModule.h">
      <Filter>effect</Filter>
    </ClInclude>
    <ClInclude Include="effect\OGImpactModule.h">
      <Filter>effect</Filter>
    </ClInclude>
    <ClInclude Include="effect\OGImpactModuleFactory.h">
      <Filter>effect</Filter>
    </ClInclude>
    <ClInclude Include="effect\OGImpactParticleModule.h">
      <Filter>effect</Filter>
    </ClInclude>
    <ClInclude Include="effect\OGImpactPointLightModule.h">
      <Filter>effect</Filter>
    </ClInclude>
    <ClInclude Include="effect\OGImpactProjectorModule.h">
      <Filter>effect</Filter>
    </ClInclude>
    <ClInclude Include="effect\OGImpactRibandModule.h">
      <Filter>effect</Filter>
    </ClInclude>
    <ClInclude Include="effect\OGImpactSerializer.h">
      <Filter>effect</Filter>
    </ClInclude>
    <ClInclude Include="effect\OGMainSceneLight.h">
      <Filter>effect</Filter>
    </ClInclude>
    <ClInclude Include="effect\OGSpell.h">
      <Filter>effect</Filter>
    </ClInclude>
    <ClInclude Include="effect\OGSpellBulletFlowModule.h">
      <Filter>effect</Filter>
    </ClInclude>
    <ClInclude Include="effect\OGSpellImpactModule.h">
      <Filter>effect</Filter>
    </ClInclude>
    <ClInclude Include="effect\OGSpellManager.h">
      <Filter>effect</Filter>
    </ClInclude>
    <ClInclude Include="effect\OGSpellModelModule.h">
      <Filter>effect</Filter>
    </ClInclude>
    <ClInclude Include="effect\OGSpellRibandModule.h">
      <Filter>effect</Filter>
    </ClInclude>
    <ClInclude Include="effect\OGSpellSceneLightModule.h">
      <Filter>effect</Filter>
    </ClInclude>
    <ClInclude Include="effect\OGSpellSerializer.h">
      <Filter>effect</Filter>
    </ClInclude>
    <ClInclude Include="effect\OGSpellSoundModule.h">
      <Filter>effect</Filter>
    </ClInclude>
    <ClInclude Include="general\lexical_cast_util.h">
      <Filter>general</Filter>
    </ClInclude>
    <ClInclude Include="general\OGBasicRenderable.h">
      <Filter>general</Filter>
    </ClInclude>
    <ClInclude Include="general\OGFlags.h">
      <Filter>general</Filter>
    </ClInclude>
    <ClInclude Include="general\OGMeshInformer.h">
      <Filter>general</Filter>
    </ClInclude>
    <ClInclude Include="general\OGOpcode.h">
      <Filter>general</Filter>
    </ClInclude>
    <ClInclude Include="general\OGProjector.h">
      <Filter>general</Filter>
    </ClInclude>
    <ClInclude Include="general\OGPropertyInterface.h">
      <Filter>general</Filter>
    </ClInclude>
    <ClInclude Include="general\OgreCpuResource.h">
      <Filter>general</Filter>
    </ClInclude>
    <ClInclude Include="general\OgreEffectBillboardChain.h">
      <Filter>general</Filter>
    </ClInclude>
    <ClInclude Include="general\OgreParseCommandHelper.h">
      <Filter>general</Filter>
    </ClInclude>
    <ClInclude Include="general\OGResources.h">
      <Filter>general</Filter>
    </ClInclude>
    <ClInclude Include="general\OgreUserDefinedObject.h">
      <Filter>general</Filter>
    </ClInclude>
    <ClInclude Include="general\OGUtil.h">
      <Filter>general</Filter>
    </ClInclude>
    <ClInclude Include="general\OGUtils.h">
      <Filter>general</Filter>
    </ClInclude>
    <ClInclude Include="general\OGVariant.h">
      <Filter>general</Filter>
    </ClInclude>
    <ClInclude Include="Navigate\mat_aos.h">
      <Filter>Navigate</Filter>
    </ClInclude>
    <ClInclude Include="Navigate\OGNavigate.h">
      <Filter>Navigate</Filter>
    </ClInclude>
    <ClInclude Include="Navigate\OGNavigateAStarNode.h">
      <Filter>Navigate</Filter>
    </ClInclude>
    <ClInclude Include="Navigate\OGNavigateAStarNodeImp.h">
      <Filter>Navigate</Filter>
    </ClInclude>
    <ClInclude Include="Navigate\OGNavigateAStarSolver.h">
      <Filter>Navigate</Filter>
    </ClInclude>
    <ClInclude Include="Navigate\OGNavigateAStarSolverImp.h">
      <Filter>Navigate</Filter>
    </ClInclude>
    <ClInclude Include="Navigate\OGNavigateAxisAlignedBoundingBox.h">
      <Filter>Navigate</Filter>
    </ClInclude>
    <ClInclude Include="Navigate\OGNavigateImp.h">
      <Filter>Navigate</Filter>
    </ClInclude>
    <ClInclude Include="Navigate\OGNavigatePathNode.h">
      <Filter>Navigate</Filter>
    </ClInclude>
    <ClInclude Include="Navigate\OGNavigateRegion.h">
      <Filter>Navigate</Filter>
    </ClInclude>
    <ClInclude Include="Navigate\OGNavigateRegionImp.h">
      <Filter>Navigate</Filter>
    </ClInclude>
    <ClInclude Include="Navigate\OGNavigateSolver.h">
      <Filter>Navigate</Filter>
    </ClInclude>
    <ClInclude Include="Navigate\OGNavigateSpace.h">
      <Filter>Navigate</Filter>
    </ClInclude>
    <ClInclude Include="Navigate\OGNavigateSpaceImp.h">
      <Filter>Navigate</Filter>
    </ClInclude>
    <ClInclude Include="Navigate\OGNavigateUtil.h">
      <Filter>Navigate</Filter>
    </ClInclude>
    <ClInclude Include="Navigate\OGNavigateUtilLibImp.h">
      <Filter>Navigate</Filter>
    </ClInclude>
    <ClInclude Include="Navigate\quat_aos.h">
      <Filter>Navigate</Filter>
    </ClInclude>
    <ClInclude Include="Navigate\vec_aos.h">
      <Filter>Navigate</Filter>
    </ClInclude>
    <ClInclude Include="Navigate\vectormath_aos.h">
      <Filter>Navigate</Filter>
    </ClInclude>
    <ClInclude Include="scene\game_object.h">
      <Filter>scene</Filter>
    </ClInclude>
    <ClInclude Include="scene\game_scene.h">
      <Filter>scene</Filter>
    </ClInclude>
    <ClInclude Include="scene\game_scene_data.h">
      <Filter>scene</Filter>
    </ClInclude>
    <ClInclude Include="scene\game_scene_manager.h">
      <Filter>scene</Filter>
    </ClInclude>
    <ClInclude Include="scene\GameMapCollisionManager.h">
      <Filter>scene</Filter>
    </ClInclude>
    <ClInclude Include="scene\GameMapPath.h">
      <Filter>scene</Filter>
    </ClInclude>
    <ClInclude Include="scene\GameMapRegion.h">
      <Filter>scene</Filter>
    </ClInclude>
    <ClInclude Include="scene\GameMapZone.h">
      <Filter>scene</Filter>
    </ClInclude>
    <ClInclude Include="scene\scene_serializer.h">
      <Filter>scene</Filter>
    </ClInclude>
    <ClInclude Include="scene\terrain.h">
      <Filter>scene</Filter>
    </ClInclude>
    <ClInclude Include="scene\terrain_fixed_grid.h">
      <Filter>scene</Filter>
    </ClInclude>
    <ClInclude Include="scene\terrain_grid.h">
      <Filter>scene</Filter>
    </ClInclude>
    <ClInclude Include="scene\terrain_info.h">
      <Filter>scene</Filter>
    </ClInclude>
    <ClInclude Include="scene\terrain_serializer.h">
      <Filter>scene</Filter>
    </ClInclude>
    <ClInclude Include="scene\scene_actor\OGActor.h">
      <Filter>scene\actor</Filter>
    </ClInclude>
    <ClInclude Include="scene\scene_actor\OGActorFactory.h">
      <Filter>scene\actor</Filter>
    </ClInclude>
    <ClInclude Include="scene\scene_actor\OGActorFactoryManager.h">
      <Filter>scene\actor</Filter>
    </ClInclude>
    <ClInclude Include="scene\scene_actor\OGActorProxy.h">
      <Filter>scene\actor</Filter>
    </ClInclude>
    <ClInclude Include="scene\scene_actor\OGDetailActor.h">
      <Filter>scene\actor</Filter>
    </ClInclude>
    <ClInclude Include="scene\scene_actor\OGEffectActor.h">
      <Filter>scene\actor</Filter>
    </ClInclude>
    <ClInclude Include="scene\scene_actor\OGEnviromentActor.h">
      <Filter>scene\actor</Filter>
    </ClInclude>
    <ClInclude Include="scene\scene_actor\OGFactory.h">
      <Filter>scene\actor</Filter>
    </ClInclude>
    <ClInclude Include="scene\scene_actor\OGLightActor.h">
      <Filter>scene\actor</Filter>
    </ClInclude>
    <ClInclude Include="scene\scene_actor\OGModelActor.h">
      <Filter>scene\actor</Filter>
    </ClInclude>
    <ClInclude Include="scene\scene_actor\OGParticleSystemActor.h">
      <Filter>scene\actor</Filter>
    </ClInclude>
    <ClInclude Include="scene\scene_actor\OGPlacementActor.h">
      <Filter>scene\actor</Filter>
    </ClInclude>
    <ClInclude Include="scene\scene_actor\OGSkeletonMeshActor.h">
      <Filter>scene\actor</Filter>
    </ClInclude>
    <ClInclude Include="scene\scene_actor\OGSkyActor.h">
      <Filter>scene\actor</Filter>
    </ClInclude>
    <ClInclude Include="scene\scene_actor\OGSkyLayerActor.h">
      <Filter>scene\actor</Filter>
    </ClInclude>
    <ClInclude Include="scene\scene_actor\OGStaticMeshActor.h">
      <Filter>scene\actor</Filter>
    </ClInclude>
    <ClInclude Include="scene\scene_actor\OGTerrainLiquidActor.h">
      <Filter>scene\actor</Filter>
    </ClInclude>
    <ClInclude Include="Physics\OGCollisionBuilding.h">
      <Filter>Physics</Filter>
    </ClInclude>
    <ClInclude Include="Physics\OGCollisionBuildingFileFormat.h">
      <Filter>Physics</Filter>
    </ClInclude>
    <ClInclude Include="Physics\OGCollisionBuildingManager.h">
      <Filter>Physics</Filter>
    </ClInclude>
    <ClInclude Include="Physics\OGCollisionBuildingSerializer.h">
      <Filter>Physics</Filter>
    </ClInclude>
    <ClInclude Include="Physics\OGCollisionModel.h">
      <Filter>Physics</Filter>
    </ClInclude>
    <ClInclude Include="Physics\OGCollisionModelManager.h">
      <Filter>Physics</Filter>
    </ClInclude>
    <ClInclude Include="Physics\OGPhyActor.h">
      <Filter>Physics</Filter>
    </ClInclude>
    <ClInclude Include="Physics\OGPhyBoxShape.h">
      <Filter>Physics</Filter>
    </ClInclude>
    <ClInclude Include="Physics\OGPhyCapsuleShape.h">
      <Filter>Physics</Filter>
    </ClInclude>
    <ClInclude Include="Physics\OGPhyCollection.h">
      <Filter>Physics</Filter>
    </ClInclude>
    <ClInclude Include="Physics\OGPhyCollectionFileFormat.h">
      <Filter>Physics</Filter>
    </ClInclude>
    <ClInclude Include="Physics\OGPhyCollectionSerializer.h">
      <Filter>Physics</Filter>
    </ClInclude>
    <ClInclude Include="Physics\OGPhyConstraint.h">
      <Filter>Physics</Filter>
    </ClInclude>
    <ClInclude Include="Physics\OGPhyConvexCullShape.h">
      <Filter>Physics</Filter>
    </ClInclude>
    <ClInclude Include="Physics\OGPhyCookedTriangleMesh.h">
      <Filter>Physics</Filter>
    </ClInclude>
    <ClInclude Include="Physics\OGPhyCookedTriangleMeshFileFormat.h">
      <Filter>Physics</Filter>
    </ClInclude>
    <ClInclude Include="Physics\OGPhyCookedTriangleMeshManager.h">
      <Filter>Physics</Filter>
    </ClInclude>
    <ClInclude Include="Physics\OGPhyCookedTriangleMeshSerializer.h">
      <Filter>Physics</Filter>
    </ClInclude>
    <ClInclude Include="Physics\OGPhyHeightFieldShape.h">
      <Filter>Physics</Filter>
    </ClInclude>
    <ClInclude Include="Physics\OGPhyShape.h">
      <Filter>Physics</Filter>
    </ClInclude>
    <ClInclude Include="Physics\OGPhyShapeSerializersManager.h">
      <Filter>Physics</Filter>
    </ClInclude>
    <ClInclude Include="Physics\OGPhysicsManager.h">
      <Filter>Physics</Filter>
    </ClInclude>
    <ClInclude Include="Physics\OGPhySixDofConstraint.h">
      <Filter>Physics</Filter>
    </ClInclude>
    <ClInclude Include="Physics\OGPhySoftBody.h">
      <Filter>Physics</Filter>
    </ClInclude>
    <ClInclude Include="Physics\OGPhySpaceSerializer.h">
      <Filter>Physics</Filter>
    </ClInclude>
    <ClInclude Include="Physics\OGPhySphereShape.h">
      <Filter>Physics</Filter>
    </ClInclude>
    <ClInclude Include="Physics\OGPhyStaticConcaveShape.h">
      <Filter>Physics</Filter>
    </ClInclude>
    <ClInclude Include="Physics\OGPhyTimeController.h">
      <Filter>Physics</Filter>
    </ClInclude>
    <ClInclude Include="Physics\OGPhyUtil.h">
      <Filter>Physics</Filter>
    </ClInclude>
    <ClInclude Include="Physics\OGPhyWorld.h">
      <Filter>Physics</Filter>
    </ClInclude>
    <ClInclude Include="general\engine_manager.h">
      <Filter>general</Filter>
    </ClInclude>
    <ClInclude Include="general\skbFileParser.h">
      <Filter>general</Filter>
    </ClInclude>
  </ItemGroup>
</Project>