<?xml version="1.0" encoding="utf-8"?>
<Project ToolsVersion="4.0" xmlns="http://schemas.microsoft.com/developer/msbuild/2003">
  <ItemGroup>
    <ClInclude Include="Acceptor.h" />
    <ClInclude Include="act_define.h" />
    <ClInclude Include="ActionSetManager.h" />
    <ClInclude Include="ArchiveHolder.h" />
    <ClInclude Include="Array_Base.h" />
    <ClInclude Include="Atomic.h" />
    <ClInclude Include="AtomicLock.h" />
    <ClInclude Include="Auth_Struct.h" />
    <ClInclude Include="BaseTool.h" />
    <ClInclude Include="Basics.h" />
    <ClInclude Include="BitOper.h" />
    <ClInclude Include="BlowFish.h" />
    <ClInclude Include="CaptchaTable.h" />
    <ClInclude Include="Compress_Minilzo.h" />
    <ClInclude Include="CRC.h" />
    <ClInclude Include="CryptDef.h" />
    <ClInclude Include="Debug.h" />
    <ClInclude Include="Define.h" />
    <ClInclude Include="DefineAttr.h" />
    <ClInclude Include="DefineCity.h" />
    <ClInclude Include="DefineCountry.h" />
    <ClInclude Include="DefineGuild.h" />
    <ClInclude Include="DefineItem.h" />
    <ClInclude Include="DefineMap.h" />
    <ClInclude Include="DefinePlayerShop.h" />
    <ClInclude Include="DefineResult.h" />
    <ClInclude Include="DES.h" />
    <ClInclude Include="Devalue.h" />
    <ClInclude Include="DirectlyEffectMgr.h" />
    <ClInclude Include="EffectMgr.h" />
    <ClInclude Include="EncryptFunction.h" />
    <ClInclude Include="Enum.h" />
    <ClInclude Include="FileDef.h" />
    <ClInclude Include="formula.h" />
    <ClInclude Include="GameMath.h" />
    <ClInclude Include="GameResourceLoad.h" />
    <ClInclude Include="GameTableData.h" />
    <ClInclude Include="GameTableDefine.h" />
    <ClInclude Include="GameTableManager.h" />
    <ClInclude Include="Glpos.h" />
    <ClInclude Include="Gost.h" />
    <ClInclude Include="HashMap.h" />
    <ClInclude Include="HumanStateMutex.h" />
    <ClInclude Include="HumanStateMutexDefine.h" />
    <ClInclude Include="Idea.h" />
    <ClInclude Include="Increment.h" />
    <ClInclude Include="IntegerHashMap.h" />
    <ClInclude Include="KDefine.h" />
    <ClInclude Include="KTable.h" />
    <ClInclude Include="ku.h" />
    <ClInclude Include="ku_define.h" />
    <ClInclude Include="List.h" />
    <ClInclude Include="LogDefine.h" />
    <ClInclude Include="lzoconf.h" />
    <ClInclude Include="lzodefs.h" />
    <ClInclude Include="Mars.h" />
    <ClInclude Include="MD5.h" />
    <ClInclude Include="MiniLock.h" />
    <ClInclude Include="minilzo.h" />
    <ClInclude Include="PacketUseCount.h" />
    <ClInclude Include="PetConfig.h" />
    <ClInclude Include="rc2.h" />
    <ClInclude Include="rc5.h" />
    <ClInclude Include="rc6.h" />
    <ClInclude Include="record_format.h" />
    <ClInclude Include="record_struct.h" />
    <ClInclude Include="rsa.h" />
    <ClInclude Include="RsaDef.h" />
    <ClInclude Include="safer.h" />
    <ClInclude Include="ScriptDef.h" />
    <ClInclude Include="SpellDataLoader.h" />
    <ClInclude Include="SpellDataMgr.h" />
    <ClInclude Include="SplitStringBase.h" />
    <ClInclude Include="SplitStringLevelOne.h" />
    <ClInclude Include="SplitStringLevelTwo.h" />
    <ClInclude Include="Static_Allocator.h" />
    <ClInclude Include="stdafx.h" />
    <ClInclude Include="StringHashMap.h" />
    <ClInclude Include="Struct.h" />
    <ClInclude Include="StructAttribUp.h" />
    <ClInclude Include="StructBus.h" />
    <ClInclude Include="StructCamp.h" />
    <ClInclude Include="StructCity.h" />
    <ClInclude Include="StructCountry.h" />
    <ClInclude Include="StructDB.h" />
    <ClInclude Include="StructEffect.h" />
    <ClInclude Include="StructGuild.h" />
    <ClInclude Include="StructItem.h" />
    <ClInclude Include="StructMap.h" />
    <ClInclude Include="StructMinorPasswd.h" />
    <ClInclude Include="StructMonitor.h" />
    <ClInclude Include="StructPet.h" />
    <ClInclude Include="StructQuery.h" />
    <ClInclude Include="StructSpell.h" />
    <ClInclude Include="StructTeam.h" />
    <ClInclude Include="StructTopList.h" />
    <ClInclude Include="StructWorldShop.h" />
    <ClInclude Include="TAB.h" />
    <ClInclude Include="tea.h" />
    <ClInclude Include="TypeDefine.h" />
    <ClInclude Include="Util.h" />
    <ClInclude Include="Version.h" />
    <ClInclude Include="vlong.h" />
    <ClInclude Include="GameSingleton.h" />
    <ClInclude Include="Camp.h" />
    <ClInclude Include="TabTemplateLoader.h" />
    <ClInclude Include="StructScript.h" />
    <ClInclude Include="ScriptCacheMgr.h" />
    <ClInclude Include="StructCommandScript.h" />
    <ClInclude Include="net\net_client_message_define.h">
      <Filter>net</Filter>
    </ClInclude>
    <ClInclude Include="net\net_message.h">
      <Filter>net</Filter>
    </ClInclude>
    <ClInclude Include="net\net_message_define.h">
      <Filter>net</Filter>
    </ClInclude>
    <ClInclude Include="net\net_message_manager.h">
      <Filter>net</Filter>
    </ClInclude>
    <ClInclude Include="net\net_server_message_define.h">
      <Filter>net</Filter>
    </ClInclude>
    <ClInclude Include="net\messages\CSCharMove.h">
      <Filter>net\messages\servermessage</Filter>
    </ClInclude>
    <ClInclude Include="net\messages\CSCharUseSkill.h">
      <Filter>net\messages\servermessage</Filter>
    </ClInclude>
    <ClInclude Include="net\messages\CSEventRequest.h">
      <Filter>net\messages\servermessage</Filter>
    </ClInclude>
    <ClInclude Include="net\messages\CSLogin.h">
      <Filter>net\messages\servermessage</Filter>
    </ClInclude>
    <ClInclude Include="net\messages\CSManipulatePet.h">
      <Filter>net\messages\servermessage</Filter>
    </ClInclude>
    <ClInclude Include="net\messages\CSPickItem.h">
      <Filter>net\messages\servermessage</Filter>
    </ClInclude>
    <ClInclude Include="net\messages\CSPlayerRequestBaseAttrib.h">
      <Filter>net\messages\servermessage</Filter>
    </ClInclude>
    <ClInclude Include="net\messages\CSQueryEvent.h">
      <Filter>net\messages\servermessage</Filter>
    </ClInclude>
    <ClInclude Include="net\messages\CSQuestAbandon.h">
      <Filter>net\messages\servermessage</Filter>
    </ClInclude>
    <ClInclude Include="net\messages\CSQuestAccept.h">
      <Filter>net\messages\servermessage</Filter>
    </ClInclude>
    <ClInclude Include="net\messages\CSQuestContinue.h">
      <Filter>net\messages\servermessage</Filter>
    </ClInclude>
    <ClInclude Include="net\messages\CSQuestRefuse.h">
      <Filter>net\messages\servermessage</Filter>
    </ClInclude>
    <ClInclude Include="net\messages\CSQuestSubmit.h">
      <Filter>net\messages\servermessage</Filter>
    </ClInclude>
    <ClInclude Include="net\messages\CSSwapItem.h">
      <Filter>net\messages\servermessage</Filter>
    </ClInclude>
    <ClInclude Include="net\messages\CSTick.h">
      <Filter>net\messages\servermessage</Filter>
    </ClInclude>
    <ClInclude Include="net\messages\CSUnEquip.h">
      <Filter>net\messages\servermessage</Filter>
    </ClInclude>
    <ClInclude Include="net\messages\CSUseAbility.h">
      <Filter>net\messages\servermessage</Filter>
    </ClInclude>
    <ClInclude Include="net\messages\CSUseEquip.h">
      <Filter>net\messages\servermessage</Filter>
    </ClInclude>
    <ClInclude Include="net\messages\DSCharData.h">
      <Filter>net\messages\servermessage</Filter>
    </ClInclude>
    <ClInclude Include="net\messages\SCAbilityAction.h">
      <Filter>net\messages\clientmessage</Filter>
    </ClInclude>
    <ClInclude Include="net\messages\SCAbilityResult.h">
      <Filter>net\messages\clientmessage</Filter>
    </ClInclude>
    <ClInclude Include="net\messages\SCAbilitySuccess.h">
      <Filter>net\messages\clientmessage</Filter>
    </ClInclude>
    <ClInclude Include="net\messages\SCAddQuest.h">
      <Filter>net\messages\clientmessage</Filter>
    </ClInclude>
    <ClInclude Include="net\messages\SCAddSkillToSkillList.h">
      <Filter>net\messages\clientmessage</Filter>
    </ClInclude>
    <ClInclude Include="net\messages\SCCharEquipment.h">
      <Filter>net\messages\clientmessage</Filter>
    </ClInclude>
    <ClInclude Include="net\messages\SCCharHumanBaseAttrib.h">
      <Filter>net\messages\clientmessage</Filter>
    </ClInclude>
    <ClInclude Include="net\messages\SCCharImpactListUpdate.h">
      <Filter>net\messages\clientmessage</Filter>
    </ClInclude>
    <ClInclude Include="net\messages\SCCharMove.h">
      <Filter>net\messages\clientmessage</Filter>
    </ClInclude>
    <ClInclude Include="net\messages\SCCharSkill_Gather.h">
      <Filter>net\messages\clientmessage</Filter>
    </ClInclude>
    <ClInclude Include="net\messages\SCCharStopAction.h">
      <Filter>net\messages\clientmessage</Filter>
    </ClInclude>
    <ClInclude Include="net\messages\SCChat.h">
      <Filter>net\messages\clientmessage</Filter>
    </ClInclude>
    <ClInclude Include="net\messages\SCCommand.h">
      <Filter>net\messages\clientmessage</Filter>
    </ClInclude>
    <ClInclude Include="net\messages\SCCooldownUpdate.h">
      <Filter>net\messages\clientmessage</Filter>
    </ClInclude>
    <ClInclude Include="net\messages\SCDelObject.h">
      <Filter>net\messages\clientmessage</Filter>
    </ClInclude>
    <ClInclude Include="net\messages\SCDelQuest.h">
      <Filter>net\messages\clientmessage</Filter>
    </ClInclude>
    <ClInclude Include="net\messages\SCDeltailOfHealsAndDamage.h">
      <Filter>net\messages\clientmessage</Filter>
    </ClInclude>
    <ClInclude Include="net\messages\SCDetailAbilityInfo.h">
      <Filter>net\messages\clientmessage</Filter>
    </ClInclude>
    <ClInclude Include="net\messages\SCDetailAttrib.h">
      <Filter>net\messages\clientmessage</Filter>
    </ClInclude>
    <ClInclude Include="net\messages\SCDetailAttribPet.h">
      <Filter>net\messages\clientmessage</Filter>
    </ClInclude>
    <ClInclude Include="net\messages\SCDetailBuff.h">
      <Filter>net\messages\clientmessage</Filter>
    </ClInclude>
    <ClInclude Include="net\messages\SCDetailEquipList.h">
      <Filter>net\messages\clientmessage</Filter>
    </ClInclude>
    <ClInclude Include="net\messages\SCDetailItemList.h">
      <Filter>net\messages\clientmessage</Filter>
    </ClInclude>
    <ClInclude Include="net\messages\SCDetailSkillList.h">
      <Filter>net\messages\clientmessage</Filter>
    </ClInclude>
    <ClInclude Include="net\messages\SCEnterMap.h">
      <Filter>net\messages\clientmessage</Filter>
    </ClInclude>
    <ClInclude Include="net\messages\SCItemInfo.h">
      <Filter>net\messages\clientmessage</Filter>
    </ClInclude>
    <ClInclude Include="net\messages\SCManipulatePetRet.h">
      <Filter>net\messages\clientmessage</Filter>
    </ClInclude>
    <ClInclude Include="net\messages\SCModifyQuest.h">
      <Filter>net\messages\clientmessage</Filter>
    </ClInclude>
    <ClInclude Include="net\messages\SCMonsterAttribute.h">
      <Filter>net\messages\clientmessage</Filter>
    </ClInclude>
    <ClInclude Include="net\messages\SCNewBeastie.h">
      <Filter>net\messages\clientmessage</Filter>
    </ClInclude>
    <ClInclude Include="net\messages\SCNewItem.h">
      <Filter>net\messages\clientmessage</Filter>
    </ClInclude>
    <ClInclude Include="net\messages\SCNewItemBox.h">
      <Filter>net\messages\clientmessage</Filter>
    </ClInclude>
    <ClInclude Include="net\messages\SCNewMonster.h">
      <Filter>net\messages\clientmessage</Filter>
    </ClInclude>
    <ClInclude Include="net\messages\SCNotifyEquip.h">
      <Filter>net\messages\clientmessage</Filter>
    </ClInclude>
    <ClInclude Include="net\messages\SCOperateResult.h">
      <Filter>net\messages\clientmessage</Filter>
    </ClInclude>
    <ClInclude Include="net\messages\SCPickItemResult.h">
      <Filter>net\messages\clientmessage</Filter>
    </ClInclude>
    <ClInclude Include="net\messages\SCQueryEventResult.h">
      <Filter>net\messages\clientmessage</Filter>
    </ClInclude>
    <ClInclude Include="net\messages\SCQuestList.h">
      <Filter>net\messages\clientmessage</Filter>
    </ClInclude>
    <ClInclude Include="net\messages\SCQuestListRefresh.h">
      <Filter>net\messages\clientmessage</Filter>
    </ClInclude>
    <ClInclude Include="net\messages\SCRetSkillSetting.h">
      <Filter>net\messages\clientmessage</Filter>
    </ClInclude>
    <ClInclude Include="net\messages\SCScriptCommand.h">
      <Filter>net\messages\clientmessage</Filter>
    </ClInclude>
    <ClInclude Include="net\messages\SCSkillUpgrade.h">
      <Filter>net\messages\clientmessage</Filter>
    </ClInclude>
    <ClInclude Include="net\messages\SCSwapItem.h">
      <Filter>net\messages\clientmessage</Filter>
    </ClInclude>
    <ClInclude Include="net\messages\SCTargetListAndHitFlags.h">
      <Filter>net\messages\clientmessage</Filter>
    </ClInclude>
    <ClInclude Include="net\messages\SCUnEquipResult.h">
      <Filter>net\messages\clientmessage</Filter>
    </ClInclude>
    <ClInclude Include="net\messages\SCUseEquipResult.h">
      <Filter>net\messages\clientmessage</Filter>
    </ClInclude>
  </ItemGroup>
  <ItemGroup>
    <ClCompile Include="ActionSetManager.cpp" />
    <ClCompile Include="ArchiveHolder.cpp" />
    <ClCompile Include="Array_Base.cpp" />
    <ClCompile Include="AtomicLock.cpp" />
    <ClCompile Include="Auth_Struct.cpp" />
    <ClCompile Include="BaseTool_Config.cpp" />
    <ClCompile Include="BaseTool_Log.cpp" />
    <ClCompile Include="BaseTool_Thread.cpp" />
    <ClCompile Include="BaseTool_Time.cpp" />
    <ClCompile Include="BitOper.cpp" />
    <ClCompile Include="BlowFish.cpp" />
    <ClCompile Include="Debug.cpp" />
    <ClCompile Include="DefineResult.cpp" />
    <ClCompile Include="DES.cpp" />
    <ClCompile Include="Devalue.cpp" />
    <ClCompile Include="DirectlyEffectMgr.cpp" />
    <ClCompile Include="EffectMgr.cpp" />
    <ClCompile Include="EncryptFunction.cpp" />
    <ClCompile Include="GameMath.cpp" />
    <ClCompile Include="GameResourceLoad.cpp" />
    <ClCompile Include="GameTableManager.cpp" />
    <ClCompile Include="Glpos.cpp" />
    <ClCompile Include="Gost.cpp" />
    <ClCompile Include="HumanStateMutex.cpp" />
    <ClCompile Include="Idea.cpp" />
    <ClCompile Include="Increment.cpp" />
    <ClCompile Include="IntegerHashMap.cpp" />
    <ClCompile Include="KDefine.cpp" />
    <ClCompile Include="KTable.cpp" />
    <ClCompile Include="ku.cpp" />
    <ClCompile Include="ku_crypt.cpp" />
    <ClCompile Include="List.cpp" />
    <ClCompile Include="Mars.cpp" />
    <ClCompile Include="MD5.cpp" />
    <ClCompile Include="PacketUseCount.cpp" />
    <ClCompile Include="rc2.cpp" />
    <ClCompile Include="rc5.cpp" />
    <ClCompile Include="rc6.cpp" />
    <ClCompile Include="rsa.cpp" />
    <ClCompile Include="safer.cpp" />
    <ClCompile Include="SpellDataLoader.cpp" />
    <ClCompile Include="SpellDataMgr.cpp" />
    <ClCompile Include="SplitStringBase.cpp" />
    <ClCompile Include="SplitStringLevelOne.cpp" />
    <ClCompile Include="SplitStringLevelTwo.cpp" />
    <ClCompile Include="Static_Allocator.cpp" />
    <ClCompile Include="StringHashMap.cpp" />
    <ClCompile Include="Struct.cpp" />
    <ClCompile Include="StructCountry.cpp" />
    <ClCompile Include="StructDB.cpp" />
    <ClCompile Include="StructHorseFindMate.cpp" />
    <ClCompile Include="StructMinorPasswd.cpp" />
    <ClCompile Include="StructPet.cpp" />
    <ClCompile Include="StructTeam.cpp" />
    <ClCompile Include="TAB.cpp" />
    <ClCompile Include="tea.cpp" />
    <ClCompile Include="Util.cpp" />
    <ClCompile Include="vlong.cpp" />
    <ClCompile Include="Camp.cpp" />
    <ClCompile Include="TabTemplateLoader.cpp" />
    <ClCompile Include="StructScript.cpp" />
    <ClCompile Include="StructCommandScript.cpp" />
    <ClCompile Include="net\net_message.cpp">
      <Filter>net</Filter>
    </ClCompile>
    <ClCompile Include="net\net_message_manager.cpp">
      <Filter>net</Filter>
    </ClCompile>
    <ClCompile Include="net\messages\CSCharMove.cpp">
      <Filter>net\messages\servermessage</Filter>
    </ClCompile>
    <ClCompile Include="net\messages\CSCharUseSkill.cpp">
      <Filter>net\messages\servermessage</Filter>
    </ClCompile>
    <ClCompile Include="net\messages\CSEventRequest.cpp">
      <Filter>net\messages\servermessage</Filter>
    </ClCompile>
    <ClCompile Include="net\messages\CSLogin.cpp">
      <Filter>net\messages\servermessage</Filter>
    </ClCompile>
    <ClCompile Include="net\messages\CSManipulatePet.cpp">
      <Filter>net\messages\servermessage</Filter>
    </ClCompile>
    <ClCompile Include="net\messages\CSPickItem.cpp">
      <Filter>net\messages\servermessage</Filter>
    </ClCompile>
    <ClCompile Include="net\messages\CSPlayerRequestBaseAttrib.cpp">
      <Filter>net\messages\servermessage</Filter>
    </ClCompile>
    <ClCompile Include="net\messages\CSQueryEvent.cpp">
      <Filter>net\messages\servermessage</Filter>
    </ClCompile>
    <ClCompile Include="net\messages\CSQuestAbandon.cpp">
      <Filter>net\messages\servermessage</Filter>
    </ClCompile>
    <ClCompile Include="net\messages\CSQuestAccept.cpp">
      <Filter>net\messages\servermessage</Filter>
    </ClCompile>
    <ClCompile Include="net\messages\CSQuestContinue.cpp">
      <Filter>net\messages\servermessage</Filter>
    </ClCompile>
    <ClCompile Include="net\messages\CSQuestRefuse.cpp">
      <Filter>net\messages\servermessage</Filter>
    </ClCompile>
    <ClCompile Include="net\messages\CSQuestSubmit.cpp">
      <Filter>net\messages\servermessage</Filter>
    </ClCompile>
    <ClCompile Include="net\messages\CSSwapItem.cpp">
      <Filter>net\messages\servermessage</Filter>
    </ClCompile>
    <ClCompile Include="net\messages\CSTick.cpp">
      <Filter>net\messages\servermessage</Filter>
    </ClCompile>
    <ClCompile Include="net\messages\CSUnEquip.cpp">
      <Filter>net\messages\servermessage</Filter>
    </ClCompile>
    <ClCompile Include="net\messages\CSUseAbility.cpp">
      <Filter>net\messages\servermessage</Filter>
    </ClCompile>
    <ClCompile Include="net\messages\CSUseEquip.cpp">
      <Filter>net\messages\servermessage</Filter>
    </ClCompile>
    <ClCompile Include="net\messages\DSCharData.cpp">
      <Filter>net\messages\servermessage</Filter>
    </ClCompile>
    <ClCompile Include="net\messages\SCAbilityAction.cpp">
      <Filter>net\messages\clientmessage</Filter>
    </ClCompile>
    <ClCompile Include="net\messages\SCAbilityResult.cpp">
      <Filter>net\messages\clientmessage</Filter>
    </ClCompile>
    <ClCompile Include="net\messages\SCAbilitySuccess.cpp">
      <Filter>net\messages\clientmessage</Filter>
    </ClCompile>
    <ClCompile Include="net\messages\SCAddQuest.cpp">
      <Filter>net\messages\clientmessage</Filter>
    </ClCompile>
    <ClCompile Include="net\messages\SCAddSkillToSkillList.cpp">
      <Filter>net\messages\clientmessage</Filter>
    </ClCompile>
    <ClCompile Include="net\messages\SCCharEquipment.cpp">
      <Filter>net\messages\clientmessage</Filter>
    </ClCompile>
    <ClCompile Include="net\messages\SCCharHumanBaseAttrib.cpp">
      <Filter>net\messages\clientmessage</Filter>
    </ClCompile>
    <ClCompile Include="net\messages\SCCharImpactListUpdate.cpp">
      <Filter>net\messages\clientmessage</Filter>
    </ClCompile>
    <ClCompile Include="net\messages\SCCharMove.cpp">
      <Filter>net\messages\clientmessage</Filter>
    </ClCompile>
    <ClCompile Include="net\messages\SCCharSkill_Gather.cpp">
      <Filter>net\messages\clientmessage</Filter>
    </ClCompile>
    <ClCompile Include="net\messages\SCCharStopAction.cpp">
      <Filter>net\messages\clientmessage</Filter>
    </ClCompile>
    <ClCompile Include="net\messages\SCChat.cpp">
      <Filter>net\messages\clientmessage</Filter>
    </ClCompile>
    <ClCompile Include="net\messages\SCCommand.cpp">
      <Filter>net\messages\clientmessage</Filter>
    </ClCompile>
    <ClCompile Include="net\messages\SCCooldownUpdate.cpp">
      <Filter>net\messages\clientmessage</Filter>
    </ClCompile>
    <ClCompile Include="net\messages\SCDelObject.cpp">
      <Filter>net\messages\clientmessage</Filter>
    </ClCompile>
    <ClCompile Include="net\messages\SCDelQuest.cpp">
      <Filter>net\messages\clientmessage</Filter>
    </ClCompile>
    <ClCompile Include="net\messages\SCDeltailOfHealsAndDamage.cpp">
      <Filter>net\messages\clientmessage</Filter>
    </ClCompile>
    <ClCompile Include="net\messages\SCDetailAbilityInfo.cpp">
      <Filter>net\messages\clientmessage</Filter>
    </ClCompile>
    <ClCompile Include="net\messages\SCDetailAttrib.cpp">
      <Filter>net\messages\clientmessage</Filter>
    </ClCompile>
    <ClCompile Include="net\messages\SCDetailAttribPet.cpp">
      <Filter>net\messages\clientmessage</Filter>
    </ClCompile>
    <ClCompile Include="net\messages\SCDetailBuff.cpp">
      <Filter>net\messages\clientmessage</Filter>
    </ClCompile>
    <ClCompile Include="net\messages\SCDetailEquipList.cpp">
      <Filter>net\messages\clientmessage</Filter>
    </ClCompile>
    <ClCompile Include="net\messages\SCDetailItemList.cpp">
      <Filter>net\messages\clientmessage</Filter>
    </ClCompile>
    <ClCompile Include="net\messages\SCDetailSkillList.cpp">
      <Filter>net\messages\clientmessage</Filter>
    </ClCompile>
    <ClCompile Include="net\messages\SCEnterMap.cpp">
      <Filter>net\messages\clientmessage</Filter>
    </ClCompile>
    <ClCompile Include="net\messages\SCItemInfo.cpp">
      <Filter>net\messages\clientmessage</Filter>
    </ClCompile>
    <ClCompile Include="net\messages\SCManipulatePetRet.cpp">
      <Filter>net\messages\clientmessage</Filter>
    </ClCompile>
    <ClCompile Include="net\messages\SCModifyQuest.cpp">
      <Filter>net\messages\clientmessage</Filter>
    </ClCompile>
    <ClCompile Include="net\messages\SCMonsterAttribute.cpp">
      <Filter>net\messages\clientmessage</Filter>
    </ClCompile>
    <ClCompile Include="net\messages\SCNewBeastie.cpp">
      <Filter>net\messages\clientmessage</Filter>
    </ClCompile>
    <ClCompile Include="net\messages\SCNewItem.cpp">
      <Filter>net\messages\clientmessage</Filter>
    </ClCompile>
    <ClCompile Include="net\messages\SCNewItemBox.cpp">
      <Filter>net\messages\clientmessage</Filter>
    </ClCompile>
    <ClCompile Include="net\messages\SCNewMonster.cpp">
      <Filter>net\messages\clientmessage</Filter>
    </ClCompile>
    <ClCompile Include="net\messages\SCNotifyEquip.cpp">
      <Filter>net\messages\clientmessage</Filter>
    </ClCompile>
    <ClCompile Include="net\messages\SCOperateResult.cpp">
      <Filter>net\messages\clientmessage</Filter>
    </ClCompile>
    <ClCompile Include="net\messages\SCPickItemResult.cpp">
      <Filter>net\messages\clientmessage</Filter>
    </ClCompile>
    <ClCompile Include="net\messages\SCQueryEventResult.cpp">
      <Filter>net\messages\clientmessage</Filter>
    </ClCompile>
    <ClCompile Include="net\messages\SCQuestList.cpp">
      <Filter>net\messages\clientmessage</Filter>
    </ClCompile>
    <ClCompile Include="net\messages\SCQuestListRefresh.cpp">
      <Filter>net\messages\clientmessage</Filter>
    </ClCompile>
    <ClCompile Include="net\messages\SCRetSkillSetting.cpp">
      <Filter>net\messages\clientmessage</Filter>
    </ClCompile>
    <ClCompile Include="net\messages\SCScriptCommand.cpp">
      <Filter>net\messages\clientmessage</Filter>
    </ClCompile>
    <ClCompile Include="net\messages\SCSkillUpgrade.cpp">
      <Filter>net\messages\clientmessage</Filter>
    </ClCompile>
    <ClCompile Include="net\messages\SCSwapItem.cpp">
      <Filter>net\messages\clientmessage</Filter>
    </ClCompile>
    <ClCompile Include="net\messages\SCTargetListAndHitFlags.cpp">
      <Filter>net\messages\clientmessage</Filter>
    </ClCompile>
    <ClCompile Include="net\messages\SCUnEquipResult.cpp">
      <Filter>net\messages\clientmessage</Filter>
    </ClCompile>
    <ClCompile Include="net\messages\SCUseEquipResult.cpp">
      <Filter>net\messages\clientmessage</Filter>
    </ClCompile>
    <ClCompile Include="ScriptCacheMgr.cpp" />
    <ClCompile Include="StructEffect.cpp" />
  </ItemGroup>
  <ItemGroup>
    <Filter Include="net">
      <UniqueIdentifier>{62b3c6aa-89fe-499f-b655-fc8f472d5e9b}</UniqueIdentifier>
    </Filter>
    <Filter Include="net\messages">
      <UniqueIdentifier>{04104e27-9d26-4ef3-9d4f-7d57d4ca9764}</UniqueIdentifier>
    </Filter>
    <Filter Include="net\messages\clientmessage">
      <UniqueIdentifier>{9635a7fc-e1d2-40bb-ad19-7975b3c98595}</UniqueIdentifier>
    </Filter>
    <Filter Include="net\messages\servermessage">
      <UniqueIdentifier>{f1681788-c067-4bbe-834b-cc79370fdc10}</UniqueIdentifier>
    </Filter>
  </ItemGroup>
</Project>