<?xml version="1.0" encoding="utf-8"?>
<Project ToolsVersion="4.0" xmlns="http://schemas.microsoft.com/developer/msbuild/2003">
  <ItemGroup>
    <ClCompile Include="double_list.cpp" />
    <ClCompile Include="message_queue.cpp" />
    <ClCompile Include="myutils.cpp" />
    <ClCompile Include="platform_common.cpp" />
    <ClCompile Include="platform_file.cpp" />
    <ClCompile Include="platform_file_system.cpp" />
    <ClCompile Include="platform_log.cpp" />
    <ClCompile Include="platform_thread.cpp" />
    <ClCompile Include="platform_util.cpp" />
    <ClCompile Include="stb_image.cpp" />
    <ClCompile Include="time_util.cpp" />
    <ClCompile Include="timer_logic.cpp" />
    <ClCompile Include="tiny_gltf.cpp" />
    <ClCompile Include="windows\platform_mutex.cpp">
      <Filter>windows</Filter>
    </ClCompile>
    <ClCompile Include="windows\platform_rw_mutex.cpp">
      <Filter>windows</Filter>
    </ClCompile>
    <ClCompile Include="windows\platform_signal.cpp">
      <Filter>windows</Filter>
    </ClCompile>
  </ItemGroup>
  <ItemGroup>
    <ClInclude Include="double_list.h" />
    <ClInclude Include="json.hpp" />
    <ClInclude Include="message_queue.h" />
    <ClInclude Include="myutils.h" />
    <ClInclude Include="object_index.h" />
    <ClInclude Include="pid.h" />
    <ClInclude Include="platform.h" />
    <ClInclude Include="platform_common.h" />
    <ClInclude Include="platform_defines.h" />
    <ClInclude Include="platform_file.h" />
    <ClInclude Include="platform_file_system.h" />
    <ClInclude Include="platform_log.h" />
    <ClInclude Include="platform_thread.h" />
    <ClInclude Include="platform_util.h" />
    <ClInclude Include="scoped_lock.h" />
    <ClInclude Include="stb_image.h" />
    <ClInclude Include="stb_image_write.h" />
    <ClInclude Include="time_util.h" />
    <ClInclude Include="timer_logic.h" />
    <ClInclude Include="tiny_gltf.h" />
    <ClInclude Include="windows\platform_mutex.h">
      <Filter>windows</Filter>
    </ClInclude>
    <ClInclude Include="windows\platform_rw_mutex.h">
      <Filter>windows</Filter>
    </ClInclude>
    <ClInclude Include="windows\platform_signal.h">
      <Filter>windows</Filter>
    </ClInclude>
  </ItemGroup>
  <ItemGroup>
    <Filter Include="windows">
      <UniqueIdentifier>{a902b8dd-8065-4a98-8993-5d1ad8994625}</UniqueIdentifier>
    </Filter>
  </ItemGroup>
</Project>