Microsoft Visual Studio Solution File, Format Version 8.00
Project("{8BC9CEB8-8B4A-11D0-8D11-00A0C91BC942}") = "LuaPlus5.1", "LuaPlus5.1.vcproj", "{99B5C515-C73C-4807-9405-A7BCFC6166E3}"
	ProjectSection(ProjectDependencies) = postProject
	EndProjectSection
EndProject
Project("{8BC9CEB8-8B4A-11D0-8D11-00A0C91BC942}") = "luaC", "..\luaC\luaC.vcproj", "{D7F8FE22-0F90-417E-8E2D-EA2ED3E76903}"
	ProjectSection(ProjectDependencies) = postProject
	EndProjectSection
EndProject
Project("{8BC9CEB8-8B4A-11D0-8D11-00A0C91BC942}") = "Test", "..\Test\Test.vcproj", "{FAC7D1B4-3FF2-408B-984D-86AEB331C736}"
	ProjectSection(ProjectDependencies) = postProject
	EndProjectSection
EndProject
Project("{8BC9CEB8-8B4A-11D0-8D11-00A0C91BC942}") = "luac_dir", "..\luac_dir\luac_dir.vcproj", "{B2942C9D-5301-45A3-9CFA-1C892C0AF40A}"
	ProjectSection(ProjectDependencies) = postProject
		{99B5C515-C73C-4807-9405-A7BCFC6166E3} = {99B5C515-C73C-4807-9405-A7BCFC6166E3}
		{D7F8FE22-0F90-417E-8E2D-EA2ED3E76903} = {D7F8FE22-0F90-417E-8E2D-EA2ED3E76903}
	EndProjectSection
EndProject
Global
	GlobalSection(SolutionConfiguration) = preSolution
		Debug = Debug
		Release = Release
		Release_Static = Release_Static
	EndGlobalSection
	GlobalSection(ProjectDependencies) = postSolution
	EndGlobalSection
	GlobalSection(ProjectConfiguration) = postSolution
		{99B5C515-C73C-4807-9405-A7BCFC6166E3}.Debug.ActiveCfg = Debug|Win32
		{99B5C515-C73C-4807-9405-A7BCFC6166E3}.Debug.Build.0 = Debug|Win32
		{99B5C515-C73C-4807-9405-A7BCFC6166E3}.Release.ActiveCfg = Release|Win32
		{99B5C515-C73C-4807-9405-A7BCFC6166E3}.Release.Build.0 = Release|Win32
		{99B5C515-C73C-4807-9405-A7BCFC6166E3}.Release_Static.ActiveCfg = Release_Static|Win32
		{99B5C515-C73C-4807-9405-A7BCFC6166E3}.Release_Static.Build.0 = Release_Static|Win32
		{D7F8FE22-0F90-417E-8E2D-EA2ED3E76903}.Debug.ActiveCfg = Debug|Win32
		{D7F8FE22-0F90-417E-8E2D-EA2ED3E76903}.Debug.Build.0 = Debug|Win32
		{D7F8FE22-0F90-417E-8E2D-EA2ED3E76903}.Release.ActiveCfg = Release|Win32
		{D7F8FE22-0F90-417E-8E2D-EA2ED3E76903}.Release.Build.0 = Release|Win32
		{D7F8FE22-0F90-417E-8E2D-EA2ED3E76903}.Release_Static.ActiveCfg = Release_Static|Win32
		{D7F8FE22-0F90-417E-8E2D-EA2ED3E76903}.Release_Static.Build.0 = Release_Static|Win32
		{FAC7D1B4-3FF2-408B-984D-86AEB331C736}.Debug.ActiveCfg = Debug|Win32
		{FAC7D1B4-3FF2-408B-984D-86AEB331C736}.Debug.Build.0 = Debug|Win32
		{FAC7D1B4-3FF2-408B-984D-86AEB331C736}.Release.ActiveCfg = Release|Win32
		{FAC7D1B4-3FF2-408B-984D-86AEB331C736}.Release.Build.0 = Release|Win32
		{FAC7D1B4-3FF2-408B-984D-86AEB331C736}.Release_Static.ActiveCfg = Release_Static|Win32
		{FAC7D1B4-3FF2-408B-984D-86AEB331C736}.Release_Static.Build.0 = Release_Static|Win32
		{B2942C9D-5301-45A3-9CFA-1C892C0AF40A}.Debug.ActiveCfg = Debug|Win32
		{B2942C9D-5301-45A3-9CFA-1C892C0AF40A}.Debug.Build.0 = Debug|Win32
		{B2942C9D-5301-45A3-9CFA-1C892C0AF40A}.Release.ActiveCfg = Release|Win32
		{B2942C9D-5301-45A3-9CFA-1C892C0AF40A}.Release.Build.0 = Release|Win32
		{B2942C9D-5301-45A3-9CFA-1C892C0AF40A}.Release_Static.ActiveCfg = Release_Static|Win32
		{B2942C9D-5301-45A3-9CFA-1C892C0AF40A}.Release_Static.Build.0 = Release_Static|Win32
	EndGlobalSection
	GlobalSection(ExtensibilityGlobals) = postSolution
	EndGlobalSection
	GlobalSection(ExtensibilityAddIns) = postSolution
	EndGlobalSection
EndGlobal
